// !$*UTF8*$!
{
	archiveVersion = 1;
	classes = {
	};
	objectVersion = 46;
	objects = {

/* Begin PBXBuildFile section */
		4F37E2DD1949574000753172 /* KlinicSlabLight.ttf in Resources */ = {isa = PBXBuildFile; fileRef = 4F37E2D91949574000753172 /* KlinicSlabLight.ttf */; };
		4F37E2DE1949574000753172 /* KlinicSlabLightIt.ttf in Resources */ = {isa = PBXBuildFile; fileRef = 4F37E2DA1949574000753172 /* KlinicSlabLightIt.ttf */; };
		4F37E2DF1949574000753172 /* KlinicSlabMedium.ttf in Resources */ = {isa = PBXBuildFile; fileRef = 4F37E2DB1949574000753172 /* KlinicSlabMedium.ttf */; };
		4F37E2E01949574000753172 /* KlinicSlabMediumIt.ttf in Resources */ = {isa = PBXBuildFile; fileRef = 4F37E2DC1949574000753172 /* KlinicSlabMediumIt.ttf */; };
		4FE641BA194157510059BED1 /* SignInViewController.m in Sources */ = {isa = PBXBuildFile; fileRef = 4FE641B8194157510059BED1 /* SignInViewController.m */; };
		4FE641BB194157510059BED1 /* SignInViewController.xib in Resources */ = {isa = PBXBuildFile; fileRef = 4FE641B9194157510059BED1 /* SignInViewController.xib */; };
		4FE641BF194157C60059BED1 /* DriverRequestViewController.m in Sources */ = {isa = PBXBuildFile; fileRef = 4FE641BD194157C60059BED1 /* DriverRequestViewController.m */; };
		4FE641C0194157C60059BED1 /* DriverRequestViewController.xib in Resources */ = {isa = PBXBuildFile; fileRef = 4FE641BE194157C60059BED1 /* DriverRequestViewController.xib */; };
		4FE641C4194157EB0059BED1 /* PasswordRecoveryViewController.m in Sources */ = {isa = PBXBuildFile; fileRef = 4FE641C2194157EB0059BED1 /* PasswordRecoveryViewController.m */; };
		4FE641C5194157EB0059BED1 /* PasswordRecoveryViewController.xib in Resources */ = {isa = PBXBuildFile; fileRef = 4FE641C3194157EB0059BED1 /* PasswordRecoveryViewController.xib */; };
		4FE641C91941584D0059BED1 /* SignUpViewController.m in Sources */ = {isa = PBXBuildFile; fileRef = 4FE641C71941584D0059BED1 /* SignUpViewController.m */; };
		4FE641CA1941584D0059BED1 /* SignUpViewController.xib in Resources */ = {isa = PBXBuildFile; fileRef = 4FE641C81941584D0059BED1 /* SignUpViewController.xib */; };
		4FE641DA1941607B0059BED1 /* VCTextField.m in Sources */ = {isa = PBXBuildFile; fileRef = 4FE641D91941607B0059BED1 /* VCTextField.m */; };
		4FE641DD1941621E0059BED1 /* VCTextFieldItalic.m in Sources */ = {isa = PBXBuildFile; fileRef = 4FE641DC1941621E0059BED1 /* VCTextFieldItalic.m */; };
		4FE641E0194162360059BED1 /* VCButtonFontBold.m in Sources */ = {isa = PBXBuildFile; fileRef = 4FE641DF194162360059BED1 /* VCButtonFontBold.m */; };
		4FE641EF194168E80059BED1 /* bubble@2x.png in Resources */ = {isa = PBXBuildFile; fileRef = 4FE641E2194168E80059BED1 /* bubble@2x.png */; };
		4FE641F0194168E80059BED1 /* commute_logo@2x.png in Resources */ = {isa = PBXBuildFile; fileRef = 4FE641E3194168E80059BED1 /* commute_logo@2x.png */; };
		4FE641F1194168E80059BED1 /* driver_must_box@2x.png in Resources */ = {isa = PBXBuildFile; fileRef = 4FE641E4194168E80059BED1 /* driver_must_box@2x.png */; };
		4FE641F2194168E80059BED1 /* driving_car@2x.png in Resources */ = {isa = PBXBuildFile; fileRef = 4FE641E5194168E80059BED1 /* driving_car@2x.png */; };
		4FE641F3194168E80059BED1 /* login_btn@2x.png in Resources */ = {isa = PBXBuildFile; fileRef = 4FE641E6194168E80059BED1 /* login_btn@2x.png */; };
		4FE641F4194168E80059BED1 /* login_form@2x.png in Resources */ = {isa = PBXBuildFile; fileRef = 4FE641E7194168E80059BED1 /* login_form@2x.png */; };
		4FE641F5194168E80059BED1 /* loginBox@2x.png in Resources */ = {isa = PBXBuildFile; fileRef = 4FE641E8194168E80059BED1 /* loginBox@2x.png */; };
		4FE641F6194168E80059BED1 /* red_box@2x.png in Resources */ = {isa = PBXBuildFile; fileRef = 4FE641E9194168E80059BED1 /* red_box@2x.png */; };
		4FE641F7194168E80059BED1 /* signup_box@2x.png in Resources */ = {isa = PBXBuildFile; fileRef = 4FE641EA194168E80059BED1 /* signup_box@2x.png */; };
		4FE641F8194168E80059BED1 /* signUp_btn@2x.png in Resources */ = {isa = PBXBuildFile; fileRef = 4FE641EB194168E80059BED1 /* signUp_btn@2x.png */; };
		4FE641F9194168E80059BED1 /* signupBox@2x.png in Resources */ = {isa = PBXBuildFile; fileRef = 4FE641EC194168E80059BED1 /* signupBox@2x.png */; };
		4FE641FA194168E80059BED1 /* voco_logo@2x.png in Resources */ = {isa = PBXBuildFile; fileRef = 4FE641ED194168E80059BED1 /* voco_logo@2x.png */; };
		4FE641FB194168E80059BED1 /* VOCOfinal@2x.png in Resources */ = {isa = PBXBuildFile; fileRef = 4FE641EE194168E80059BED1 /* VOCOfinal@2x.png */; };
		4FE641FE194170F50059BED1 /* VCButtonFont.m in Sources */ = {isa = PBXBuildFile; fileRef = 4FE641FD194170F50059BED1 /* VCButtonFont.m */; };
		CC26291E90FA484191AB6374 /* libPods.a in Frameworks */ = {isa = PBXBuildFile; fileRef = 351E93948BFC43989C411DB5 /* libPods.a */; };
		F45F7BEB193575A900A94721 /* RiderViewController.m in Sources */ = {isa = PBXBuildFile; fileRef = F45F7BE9193575A900A94721 /* RiderViewController.m */; };
		F45F7BEC193575A900A94721 /* RiderViewController.xib in Resources */ = {isa = PBXBuildFile; fileRef = F45F7BEA193575A900A94721 /* RiderViewController.xib */; };
		F45F7BF6193578DE00A94721 /* VCRiderApi.m in Sources */ = {isa = PBXBuildFile; fileRef = F45F7BF5193578DE00A94721 /* VCRiderApi.m */; };
		F45F7BF91935798B00A94721 /* VCApi.m in Sources */ = {isa = PBXBuildFile; fileRef = F45F7BF81935798B00A94721 /* VCApi.m */; };
		F45F7BFC19357B8A00A94721 /* VCRideRequest.m in Sources */ = {isa = PBXBuildFile; fileRef = F45F7BFB19357B8A00A94721 /* VCRideRequest.m */; };
		F45F7BFE19357C5C00A94721 /* CoreLocation.framework in Frameworks */ = {isa = PBXBuildFile; fileRef = F45F7BFD19357C5C00A94721 /* CoreLocation.framework */; };
		F45F7C0019357C6100A94721 /* MapKit.framework in Frameworks */ = {isa = PBXBuildFile; fileRef = F45F7BFF19357C6100A94721 /* MapKit.framework */; };
		F45F7C031935880500A94721 /* Ride.m in Sources */ = {isa = PBXBuildFile; fileRef = F45F7C021935880500A94721 /* Ride.m */; };
		F45F7C0A193589A600A94721 /* VCRideRequestCreated.m in Sources */ = {isa = PBXBuildFile; fileRef = F45F7C09193589A600A94721 /* VCRideRequestCreated.m */; };
		F45F7C0F1935976E00A94721 /* WRUtilities.m in Sources */ = {isa = PBXBuildFile; fileRef = F45F7C0E1935976E00A94721 /* WRUtilities.m */; };
		F45F7C12193597F500A94721 /* NSDate+Pretty.m in Sources */ = {isa = PBXBuildFile; fileRef = F45F7C10193597F500A94721 /* NSDate+Pretty.m */; };
		F45F7C181935A3F900A94721 /* DriverViewController.m in Sources */ = {isa = PBXBuildFile; fileRef = F45F7C161935A3F900A94721 /* DriverViewController.m */; };
		F45F7C191935A3F900A94721 /* DriverViewController.xib in Resources */ = {isa = PBXBuildFile; fileRef = F45F7C171935A3F900A94721 /* DriverViewController.xib */; };
		F473EFDC19491C2B00D8C900 /* VCValidation.m in Sources */ = {isa = PBXBuildFile; fileRef = F473EFDB19491C2B00D8C900 /* VCValidation.m */; };
		F473EFE619492C2A00D8C900 /* IISideController.m in Sources */ = {isa = PBXBuildFile; fileRef = F473EFE119492C2A00D8C900 /* IISideController.m */; };
		F473EFE719492C2A00D8C900 /* IIViewDeckController.m in Sources */ = {isa = PBXBuildFile; fileRef = F473EFE319492C2A00D8C900 /* IIViewDeckController.m */; };
		F473EFE819492C2A00D8C900 /* IIWrapController.m in Sources */ = {isa = PBXBuildFile; fileRef = F473EFE519492C2A00D8C900 /* IIWrapController.m */; };
		F473EFEE1949304300D8C900 /* VCRiderMenuViewController.m in Sources */ = {isa = PBXBuildFile; fileRef = F473EFEC1949304300D8C900 /* VCRiderMenuViewController.m */; };
		F473EFEF1949304300D8C900 /* VCRiderMenuViewController.xib in Resources */ = {isa = PBXBuildFile; fileRef = F473EFED1949304300D8C900 /* VCRiderMenuViewController.xib */; };
		F473EFF119494DB100D8C900 /* QuartzCore.framework in Frameworks */ = {isa = PBXBuildFile; fileRef = F473EFF019494DB100D8C900 /* QuartzCore.framework */; };
		F473EFF51949513F00D8C900 /* AddressBook.framework in Frameworks */ = {isa = PBXBuildFile; fileRef = F473EFF41949513F00D8C900 /* AddressBook.framework */; };
		F473EFF71949514A00D8C900 /* libxml2.dylib in Frameworks */ = {isa = PBXBuildFile; fileRef = F473EFF61949514A00D8C900 /* libxml2.dylib */; };
		F473EFF91949515800D8C900 /* SystemConfiguration.framework in Frameworks */ = {isa = PBXBuildFile; fileRef = F473EFF81949515800D8C900 /* SystemConfiguration.framework */; };
		F473EFFE19497FBF00D8C900 /* map_pin_fill-512.png in Resources */ = {isa = PBXBuildFile; fileRef = F473EFFD19497FBF00D8C900 /* map_pin_fill-512.png */; };
		F473F001194A498E00D8C900 /* VCLabel.m in Sources */ = {isa = PBXBuildFile; fileRef = F473F000194A498E00D8C900 /* VCLabel.m */; };
		F473F005194A54AC00D8C900 /* VCMapQuestRouting.m in Sources */ = {isa = PBXBuildFile; fileRef = F473F004194A54AC00D8C900 /* VCMapQuestRouting.m */; };
		F473F009194A5A0200D8C900 /* MQRouteResponse.m in Sources */ = {isa = PBXBuildFile; fileRef = F473F008194A5A0200D8C900 /* MQRouteResponse.m */; };
		F473F00C194A5A6100D8C900 /* MQShape.m in Sources */ = {isa = PBXBuildFile; fileRef = F473F00B194A5A6100D8C900 /* MQShape.m */; };
		F473F011194A6D3C00D8C900 /* BaseViewController.m in Sources */ = {isa = PBXBuildFile; fileRef = F473F010194A6D3C00D8C900 /* BaseViewController.m */; };
		F473F0161950358000D8C900 /* MQRoute.m in Sources */ = {isa = PBXBuildFile; fileRef = F473F0151950358000D8C900 /* MQRoute.m */; };
		F473F019195044AA00D8C900 /* menu-list.png in Resources */ = {isa = PBXBuildFile; fileRef = F473F017195044AA00D8C900 /* menu-list.png */; };
		F473F01A195044AA00D8C900 /* menu-list@2x.png in Resources */ = {isa = PBXBuildFile; fileRef = F473F018195044AA00D8C900 /* menu-list@2x.png */; };
		F473F01D195113D100D8C900 /* VCRequestUpdate.m in Sources */ = {isa = PBXBuildFile; fileRef = F473F01C195113D100D8C900 /* VCRequestUpdate.m */; };
		F473F02019511D7700D8C900 /* VCDevicesApi.m in Sources */ = {isa = PBXBuildFile; fileRef = F473F01F19511D7700D8C900 /* VCDevicesApi.m */; };
		F473F0281951931D00D8C900 /* VCRiderHomeDevViewController.m in Sources */ = {isa = PBXBuildFile; fileRef = F473F0271951931D00D8C900 /* VCRiderHomeDevViewController.m */; };
		F49EDD0B1946D27F0020B8BB /* VCRiderHomeViewController.m in Sources */ = {isa = PBXBuildFile; fileRef = F49EDD091946D27F0020B8BB /* VCRiderHomeViewController.m */; };
		F49EDD0C1946D27F0020B8BB /* VCRiderHomeViewController.xib in Resources */ = {isa = PBXBuildFile; fileRef = F49EDD0A1946D27F0020B8BB /* VCRiderHomeViewController.xib */; };
		F49EDD101946E2F90020B8BB /* VCInterfaceModes.m in Sources */ = {isa = PBXBuildFile; fileRef = F49EDD0F1946E2F90020B8BB /* VCInterfaceModes.m */; };
		F4D8904419468A84007C4671 /* VCUsersApi.m in Sources */ = {isa = PBXBuildFile; fileRef = F4D8904319468A84007C4671 /* VCUsersApi.m */; };
		F4D8904719468B69007C4671 /* VCLogin.m in Sources */ = {isa = PBXBuildFile; fileRef = F4D8904619468B69007C4671 /* VCLogin.m */; };
		F4D8904A19468E44007C4671 /* VCNewUser.m in Sources */ = {isa = PBXBuildFile; fileRef = F4D8904919468E44007C4671 /* VCNewUser.m */; };
		F4D8904D19468F87007C4671 /* VCForgotPasswordRequest.m in Sources */ = {isa = PBXBuildFile; fileRef = F4D8904C19468F87007C4671 /* VCForgotPasswordRequest.m */; };
		F4D8905019469018007C4671 /* VCTokenResponse.m in Sources */ = {isa = PBXBuildFile; fileRef = F4D8904F19469018007C4671 /* VCTokenResponse.m */; };
		F4D8905319469F0F007C4671 /* VCDriverInterestedRequest.m in Sources */ = {isa = PBXBuildFile; fileRef = F4D8905219469F0F007C4671 /* VCDriverInterestedRequest.m */; };
		F4D890561946A2D9007C4671 /* VCObjectRequestOperation.m in Sources */ = {isa = PBXBuildFile; fileRef = F4D890551946A2D9007C4671 /* VCObjectRequestOperation.m */; };
		F4FA0BE8192BF6BF005D8645 /* Foundation.framework in Frameworks */ = {isa = PBXBuildFile; fileRef = F4FA0BE7192BF6BF005D8645 /* Foundation.framework */; };
		F4FA0BEA192BF6BF005D8645 /* CoreGraphics.framework in Frameworks */ = {isa = PBXBuildFile; fileRef = F4FA0BE9192BF6BF005D8645 /* CoreGraphics.framework */; };
		F4FA0BEC192BF6BF005D8645 /* UIKit.framework in Frameworks */ = {isa = PBXBuildFile; fileRef = F4FA0BEB192BF6BF005D8645 /* UIKit.framework */; };
		F4FA0BEE192BF6BF005D8645 /* CoreData.framework in Frameworks */ = {isa = PBXBuildFile; fileRef = F4FA0BED192BF6BF005D8645 /* CoreData.framework */; };
		F4FA0BF4192BF6BF005D8645 /* InfoPlist.strings in Resources */ = {isa = PBXBuildFile; fileRef = F4FA0BF2192BF6BF005D8645 /* InfoPlist.strings */; };
		F4FA0BF6192BF6BF005D8645 /* main.m in Sources */ = {isa = PBXBuildFile; fileRef = F4FA0BF5192BF6BF005D8645 /* main.m */; };
		F4FA0BFA192BF6BF005D8645 /* VCAppDelegate.m in Sources */ = {isa = PBXBuildFile; fileRef = F4FA0BF9192BF6BF005D8645 /* VCAppDelegate.m */; };
		F4FA0BFD192BF6BF005D8645 /* Voco.xcdatamodeld in Sources */ = {isa = PBXBuildFile; fileRef = F4FA0BFB192BF6BF005D8645 /* Voco.xcdatamodeld */; };
		F4FA0BFF192BF6BF005D8645 /* Images.xcassets in Resources */ = {isa = PBXBuildFile; fileRef = F4FA0BFE192BF6BF005D8645 /* Images.xcassets */; };
		F4FA0C06192BF6BF005D8645 /* XCTest.framework in Frameworks */ = {isa = PBXBuildFile; fileRef = F4FA0C05192BF6BF005D8645 /* XCTest.framework */; };
		F4FA0C07192BF6BF005D8645 /* Foundation.framework in Frameworks */ = {isa = PBXBuildFile; fileRef = F4FA0BE7192BF6BF005D8645 /* Foundation.framework */; };
		F4FA0C08192BF6BF005D8645 /* UIKit.framework in Frameworks */ = {isa = PBXBuildFile; fileRef = F4FA0BEB192BF6BF005D8645 /* UIKit.framework */; };
		F4FA0C09192BF6BF005D8645 /* CoreData.framework in Frameworks */ = {isa = PBXBuildFile; fileRef = F4FA0BED192BF6BF005D8645 /* CoreData.framework */; };
		F4FA0C11192BF6BF005D8645 /* InfoPlist.strings in Resources */ = {isa = PBXBuildFile; fileRef = F4FA0C0F192BF6BF005D8645 /* InfoPlist.strings */; };
		F4FA0C13192BF6BF005D8645 /* VocoTests.m in Sources */ = {isa = PBXBuildFile; fileRef = F4FA0C12192BF6BF005D8645 /* VocoTests.m */; };
		F4FE1AF11936BE0900354886 /* VCDevice.m in Sources */ = {isa = PBXBuildFile; fileRef = F4FE1AF01936BE0900354886 /* VCDevice.m */; };
		F4FE1AF81937DD5600354886 /* VCPushManager.m in Sources */ = {isa = PBXBuildFile; fileRef = F4FE1AF71937DD5600354886 /* VCPushManager.m */; };
		F4FE1AFB1937DD6600354886 /* VCGeolocation.m in Sources */ = {isa = PBXBuildFile; fileRef = F4FE1AFA1937DD6600354886 /* VCGeolocation.m */; };
		F4FE1AFE193839DF00354886 /* Drive.m in Sources */ = {isa = PBXBuildFile; fileRef = F4FE1AFD193839DF00354886 /* Drive.m */; };
		F4FE1B0119383AE300354886 /* VCRideStateMachineFactory.m in Sources */ = {isa = PBXBuildFile; fileRef = F4FE1B0019383AE300354886 /* VCRideStateMachineFactory.m */; };
		F4FE1B0B19384F9000354886 /* VCDriverApi.m in Sources */ = {isa = PBXBuildFile; fileRef = F4FE1B0A19384F9000354886 /* VCDriverApi.m */; };
		F4FE1B0F1938571E00354886 /* VCRideDriverAssignment.m in Sources */ = {isa = PBXBuildFile; fileRef = F4FE1B0E1938571E00354886 /* VCRideDriverAssignment.m */; };
		F4FE1B121938581C00354886 /* VCDialogs.m in Sources */ = {isa = PBXBuildFile; fileRef = F4FE1B111938581C00354886 /* VCDialogs.m */; };
		F4FE1B1519385CAA00354886 /* VCUserState.m in Sources */ = {isa = PBXBuildFile; fileRef = F4FE1B1419385CAA00354886 /* VCUserState.m */; };
		F4FE1B18193D2F3F00354886 /* Offer.m in Sources */ = {isa = PBXBuildFile; fileRef = F4FE1B17193D2F3F00354886 /* Offer.m */; };
		F4FE1B1B193D301F00354886 /* VCCoreData.m in Sources */ = {isa = PBXBuildFile; fileRef = F4FE1B1A193D301F00354886 /* VCCoreData.m */; };
		F4FE1B20193D8FE500354886 /* VCPushApi.m in Sources */ = {isa = PBXBuildFile; fileRef = F4FE1B1F193D8FE500354886 /* VCPushApi.m */; };
		F4FE1B24193E722B00354886 /* VCRideIdentity.m in Sources */ = {isa = PBXBuildFile; fileRef = F4FE1B23193E722B00354886 /* VCRideIdentity.m */; };
		F4FE1B2D193EA18E00354886 /* Crashlytics.framework in Frameworks */ = {isa = PBXBuildFile; fileRef = F4FE1B2C193EA18E00354886 /* Crashlytics.framework */; };
		F4FE1B31193EE06400354886 /* VCLocation.m in Sources */ = {isa = PBXBuildFile; fileRef = F4FE1B30193EE06400354886 /* VCLocation.m */; };
/* End PBXBuildFile section */

/* Begin PBXContainerItemProxy section */
		F4FA0C0A192BF6BF005D8645 /* PBXContainerItemProxy */ = {
			isa = PBXContainerItemProxy;
			containerPortal = F4FA0BDC192BF6BF005D8645 /* Project object */;
			proxyType = 1;
			remoteGlobalIDString = F4FA0BE3192BF6BF005D8645;
			remoteInfo = Voco;
		};
/* End PBXContainerItemProxy section */

/* Begin PBXFileReference section */
		351E93948BFC43989C411DB5 /* libPods.a */ = {isa = PBXFileReference; explicitFileType = archive.ar; includeInIndex = 0; path = libPods.a; sourceTree = BUILT_PRODUCTS_DIR; };
		4F37E2D91949574000753172 /* KlinicSlabLight.ttf */ = {isa = PBXFileReference; lastKnownFileType = file; name = KlinicSlabLight.ttf; path = Voco/Fonts/KlinicSlabLight.ttf; sourceTree = SOURCE_ROOT; };
		4F37E2DA1949574000753172 /* KlinicSlabLightIt.ttf */ = {isa = PBXFileReference; lastKnownFileType = file; name = KlinicSlabLightIt.ttf; path = Voco/Fonts/KlinicSlabLightIt.ttf; sourceTree = SOURCE_ROOT; };
		4F37E2DB1949574000753172 /* KlinicSlabMedium.ttf */ = {isa = PBXFileReference; lastKnownFileType = file; name = KlinicSlabMedium.ttf; path = Voco/Fonts/KlinicSlabMedium.ttf; sourceTree = SOURCE_ROOT; };
		4F37E2DC1949574000753172 /* KlinicSlabMediumIt.ttf */ = {isa = PBXFileReference; lastKnownFileType = file; name = KlinicSlabMediumIt.ttf; path = Voco/Fonts/KlinicSlabMediumIt.ttf; sourceTree = SOURCE_ROOT; };
		4FE641B7194157510059BED1 /* SignInViewController.h */ = {isa = PBXFileReference; fileEncoding = 4; lastKnownFileType = sourcecode.c.h; name = SignInViewController.h; path = ViewControllers/SignInViewController.h; sourceTree = "<group>"; };
		4FE641B8194157510059BED1 /* SignInViewController.m */ = {isa = PBXFileReference; fileEncoding = 4; lastKnownFileType = sourcecode.c.objc; name = SignInViewController.m; path = ViewControllers/SignInViewController.m; sourceTree = "<group>"; };
		4FE641B9194157510059BED1 /* SignInViewController.xib */ = {isa = PBXFileReference; fileEncoding = 4; lastKnownFileType = file.xib; name = SignInViewController.xib; path = ViewControllers/SignInViewController.xib; sourceTree = "<group>"; };
		4FE641BC194157C60059BED1 /* DriverRequestViewController.h */ = {isa = PBXFileReference; fileEncoding = 4; lastKnownFileType = sourcecode.c.h; name = DriverRequestViewController.h; path = ViewControllers/DriverRequestViewController.h; sourceTree = "<group>"; };
		4FE641BD194157C60059BED1 /* DriverRequestViewController.m */ = {isa = PBXFileReference; fileEncoding = 4; lastKnownFileType = sourcecode.c.objc; name = DriverRequestViewController.m; path = ViewControllers/DriverRequestViewController.m; sourceTree = "<group>"; };
		4FE641BE194157C60059BED1 /* DriverRequestViewController.xib */ = {isa = PBXFileReference; fileEncoding = 4; lastKnownFileType = file.xib; name = DriverRequestViewController.xib; path = ViewControllers/DriverRequestViewController.xib; sourceTree = "<group>"; };
		4FE641C1194157EB0059BED1 /* PasswordRecoveryViewController.h */ = {isa = PBXFileReference; fileEncoding = 4; lastKnownFileType = sourcecode.c.h; name = PasswordRecoveryViewController.h; path = ViewControllers/PasswordRecoveryViewController.h; sourceTree = "<group>"; };
		4FE641C2194157EB0059BED1 /* PasswordRecoveryViewController.m */ = {isa = PBXFileReference; fileEncoding = 4; lastKnownFileType = sourcecode.c.objc; name = PasswordRecoveryViewController.m; path = ViewControllers/PasswordRecoveryViewController.m; sourceTree = "<group>"; };
		4FE641C3194157EB0059BED1 /* PasswordRecoveryViewController.xib */ = {isa = PBXFileReference; fileEncoding = 4; lastKnownFileType = file.xib; name = PasswordRecoveryViewController.xib; path = ViewControllers/PasswordRecoveryViewController.xib; sourceTree = "<group>"; };
		4FE641C61941584D0059BED1 /* SignUpViewController.h */ = {isa = PBXFileReference; fileEncoding = 4; lastKnownFileType = sourcecode.c.h; name = SignUpViewController.h; path = ViewControllers/SignUpViewController.h; sourceTree = "<group>"; };
		4FE641C71941584D0059BED1 /* SignUpViewController.m */ = {isa = PBXFileReference; fileEncoding = 4; lastKnownFileType = sourcecode.c.objc; name = SignUpViewController.m; path = ViewControllers/SignUpViewController.m; sourceTree = "<group>"; };
		4FE641C81941584D0059BED1 /* SignUpViewController.xib */ = {isa = PBXFileReference; fileEncoding = 4; lastKnownFileType = file.xib; name = SignUpViewController.xib; path = ViewControllers/SignUpViewController.xib; sourceTree = "<group>"; };
		4FE641D81941607B0059BED1 /* VCTextField.h */ = {isa = PBXFileReference; fileEncoding = 4; lastKnownFileType = sourcecode.c.h; name = VCTextField.h; path = Controls/VCTextField.h; sourceTree = "<group>"; };
		4FE641D91941607B0059BED1 /* VCTextField.m */ = {isa = PBXFileReference; fileEncoding = 4; lastKnownFileType = sourcecode.c.objc; name = VCTextField.m; path = Controls/VCTextField.m; sourceTree = "<group>"; };
		4FE641DB1941621E0059BED1 /* VCTextFieldItalic.h */ = {isa = PBXFileReference; fileEncoding = 4; lastKnownFileType = sourcecode.c.h; name = VCTextFieldItalic.h; path = Controls/VCTextFieldItalic.h; sourceTree = "<group>"; };
		4FE641DC1941621E0059BED1 /* VCTextFieldItalic.m */ = {isa = PBXFileReference; fileEncoding = 4; lastKnownFileType = sourcecode.c.objc; name = VCTextFieldItalic.m; path = Controls/VCTextFieldItalic.m; sourceTree = "<group>"; };
		4FE641DE194162360059BED1 /* VCButtonFontBold.h */ = {isa = PBXFileReference; fileEncoding = 4; lastKnownFileType = sourcecode.c.h; name = VCButtonFontBold.h; path = Controls/VCButtonFontBold.h; sourceTree = "<group>"; };
		4FE641DF194162360059BED1 /* VCButtonFontBold.m */ = {isa = PBXFileReference; fileEncoding = 4; lastKnownFileType = sourcecode.c.objc; name = VCButtonFontBold.m; path = Controls/VCButtonFontBold.m; sourceTree = "<group>"; };
		4FE641E2194168E80059BED1 /* bubble@2x.png */ = {isa = PBXFileReference; lastKnownFileType = image.png; path = "bubble@2x.png"; sourceTree = "<group>"; };
		4FE641E3194168E80059BED1 /* commute_logo@2x.png */ = {isa = PBXFileReference; lastKnownFileType = image.png; path = "commute_logo@2x.png"; sourceTree = "<group>"; };
		4FE641E4194168E80059BED1 /* driver_must_box@2x.png */ = {isa = PBXFileReference; lastKnownFileType = image.png; path = "driver_must_box@2x.png"; sourceTree = "<group>"; };
		4FE641E5194168E80059BED1 /* driving_car@2x.png */ = {isa = PBXFileReference; lastKnownFileType = image.png; path = "driving_car@2x.png"; sourceTree = "<group>"; };
		4FE641E6194168E80059BED1 /* login_btn@2x.png */ = {isa = PBXFileReference; lastKnownFileType = image.png; path = "login_btn@2x.png"; sourceTree = "<group>"; };
		4FE641E7194168E80059BED1 /* login_form@2x.png */ = {isa = PBXFileReference; lastKnownFileType = image.png; path = "login_form@2x.png"; sourceTree = "<group>"; };
		4FE641E8194168E80059BED1 /* loginBox@2x.png */ = {isa = PBXFileReference; lastKnownFileType = image.png; path = "loginBox@2x.png"; sourceTree = "<group>"; };
		4FE641E9194168E80059BED1 /* red_box@2x.png */ = {isa = PBXFileReference; lastKnownFileType = image.png; path = "red_box@2x.png"; sourceTree = "<group>"; };
		4FE641EA194168E80059BED1 /* signup_box@2x.png */ = {isa = PBXFileReference; lastKnownFileType = image.png; path = "signup_box@2x.png"; sourceTree = "<group>"; };
		4FE641EB194168E80059BED1 /* signUp_btn@2x.png */ = {isa = PBXFileReference; lastKnownFileType = image.png; path = "signUp_btn@2x.png"; sourceTree = "<group>"; };
		4FE641EC194168E80059BED1 /* signupBox@2x.png */ = {isa = PBXFileReference; lastKnownFileType = image.png; path = "signupBox@2x.png"; sourceTree = "<group>"; };
		4FE641ED194168E80059BED1 /* voco_logo@2x.png */ = {isa = PBXFileReference; lastKnownFileType = image.png; path = "voco_logo@2x.png"; sourceTree = "<group>"; };
		4FE641EE194168E80059BED1 /* VOCOfinal@2x.png */ = {isa = PBXFileReference; lastKnownFileType = image.png; path = "VOCOfinal@2x.png"; sourceTree = "<group>"; };
		4FE641FC194170F50059BED1 /* VCButtonFont.h */ = {isa = PBXFileReference; fileEncoding = 4; lastKnownFileType = sourcecode.c.h; name = VCButtonFont.h; path = Controls/VCButtonFont.h; sourceTree = "<group>"; };
		4FE641FD194170F50059BED1 /* VCButtonFont.m */ = {isa = PBXFileReference; fileEncoding = 4; lastKnownFileType = sourcecode.c.objc; name = VCButtonFont.m; path = Controls/VCButtonFont.m; sourceTree = "<group>"; };
		CD677E046A804589A26C0608 /* Pods.xcconfig */ = {isa = PBXFileReference; includeInIndex = 1; lastKnownFileType = text.xcconfig; name = Pods.xcconfig; path = ../Pods/Pods.xcconfig; sourceTree = "<group>"; };
		F45F7BE8193575A900A94721 /* RiderViewController.h */ = {isa = PBXFileReference; fileEncoding = 4; lastKnownFileType = sourcecode.c.h; name = RiderViewController.h; path = ViewControllers/RiderViewController.h; sourceTree = "<group>"; };
		F45F7BE9193575A900A94721 /* RiderViewController.m */ = {isa = PBXFileReference; fileEncoding = 4; lastKnownFileType = sourcecode.c.objc; name = RiderViewController.m; path = ViewControllers/RiderViewController.m; sourceTree = "<group>"; };
		F45F7BEA193575A900A94721 /* RiderViewController.xib */ = {isa = PBXFileReference; fileEncoding = 4; lastKnownFileType = file.xib; name = RiderViewController.xib; path = ViewControllers/RiderViewController.xib; sourceTree = "<group>"; };
		F45F7BF4193578DE00A94721 /* VCRiderApi.h */ = {isa = PBXFileReference; fileEncoding = 4; lastKnownFileType = sourcecode.c.h; name = VCRiderApi.h; path = API/Rider/VCRiderApi.h; sourceTree = "<group>"; };
		F45F7BF5193578DE00A94721 /* VCRiderApi.m */ = {isa = PBXFileReference; fileEncoding = 4; lastKnownFileType = sourcecode.c.objc; name = VCRiderApi.m; path = API/Rider/VCRiderApi.m; sourceTree = "<group>"; };
		F45F7BF71935798B00A94721 /* VCApi.h */ = {isa = PBXFileReference; fileEncoding = 4; lastKnownFileType = sourcecode.c.h; name = VCApi.h; path = API/VCApi.h; sourceTree = "<group>"; };
		F45F7BF81935798B00A94721 /* VCApi.m */ = {isa = PBXFileReference; fileEncoding = 4; lastKnownFileType = sourcecode.c.objc; name = VCApi.m; path = API/VCApi.m; sourceTree = "<group>"; };
		F45F7BFA19357B8A00A94721 /* VCRideRequest.h */ = {isa = PBXFileReference; fileEncoding = 4; lastKnownFileType = sourcecode.c.h; name = VCRideRequest.h; path = API/Rider/VCRideRequest.h; sourceTree = "<group>"; };
		F45F7BFB19357B8A00A94721 /* VCRideRequest.m */ = {isa = PBXFileReference; fileEncoding = 4; lastKnownFileType = sourcecode.c.objc; name = VCRideRequest.m; path = API/Rider/VCRideRequest.m; sourceTree = "<group>"; };
		F45F7BFD19357C5C00A94721 /* CoreLocation.framework */ = {isa = PBXFileReference; lastKnownFileType = wrapper.framework; name = CoreLocation.framework; path = System/Library/Frameworks/CoreLocation.framework; sourceTree = SDKROOT; };
		F45F7BFF19357C6100A94721 /* MapKit.framework */ = {isa = PBXFileReference; lastKnownFileType = wrapper.framework; name = MapKit.framework; path = System/Library/Frameworks/MapKit.framework; sourceTree = SDKROOT; };
		F45F7C011935880500A94721 /* Ride.h */ = {isa = PBXFileReference; fileEncoding = 4; lastKnownFileType = sourcecode.c.h; name = Ride.h; path = Model/Ride.h; sourceTree = "<group>"; };
		F45F7C021935880500A94721 /* Ride.m */ = {isa = PBXFileReference; fileEncoding = 4; lastKnownFileType = sourcecode.c.objc; name = Ride.m; path = Model/Ride.m; sourceTree = "<group>"; };
		F45F7C08193589A600A94721 /* VCRideRequestCreated.h */ = {isa = PBXFileReference; fileEncoding = 4; lastKnownFileType = sourcecode.c.h; name = VCRideRequestCreated.h; path = API/Rider/Responses/VCRideRequestCreated.h; sourceTree = "<group>"; };
		F45F7C09193589A600A94721 /* VCRideRequestCreated.m */ = {isa = PBXFileReference; fileEncoding = 4; lastKnownFileType = sourcecode.c.objc; name = VCRideRequestCreated.m; path = API/Rider/Responses/VCRideRequestCreated.m; sourceTree = "<group>"; };
		F45F7C0D1935976E00A94721 /* WRUtilities.h */ = {isa = PBXFileReference; fileEncoding = 4; lastKnownFileType = sourcecode.c.h; path = WRUtilities.h; sourceTree = "<group>"; };
		F45F7C0E1935976E00A94721 /* WRUtilities.m */ = {isa = PBXFileReference; fileEncoding = 4; lastKnownFileType = sourcecode.c.objc; path = WRUtilities.m; sourceTree = "<group>"; };
		F45F7C10193597F500A94721 /* NSDate+Pretty.m */ = {isa = PBXFileReference; fileEncoding = 4; lastKnownFileType = sourcecode.c.objc; path = "NSDate+Pretty.m"; sourceTree = "<group>"; };
		F45F7C11193597F500A94721 /* NSDate+Pretty.h */ = {isa = PBXFileReference; fileEncoding = 4; lastKnownFileType = sourcecode.c.h; path = "NSDate+Pretty.h"; sourceTree = "<group>"; };
		F45F7C151935A3F900A94721 /* DriverViewController.h */ = {isa = PBXFileReference; fileEncoding = 4; lastKnownFileType = sourcecode.c.h; name = DriverViewController.h; path = ViewControllers/DriverViewController.h; sourceTree = "<group>"; };
		F45F7C161935A3F900A94721 /* DriverViewController.m */ = {isa = PBXFileReference; fileEncoding = 4; lastKnownFileType = sourcecode.c.objc; name = DriverViewController.m; path = ViewControllers/DriverViewController.m; sourceTree = "<group>"; };
		F45F7C171935A3F900A94721 /* DriverViewController.xib */ = {isa = PBXFileReference; fileEncoding = 4; lastKnownFileType = file.xib; name = DriverViewController.xib; path = ViewControllers/DriverViewController.xib; sourceTree = "<group>"; };
		F473EFDA19491C2B00D8C900 /* VCValidation.h */ = {isa = PBXFileReference; fileEncoding = 4; lastKnownFileType = sourcecode.c.h; path = VCValidation.h; sourceTree = "<group>"; };
		F473EFDB19491C2B00D8C900 /* VCValidation.m */ = {isa = PBXFileReference; fileEncoding = 4; lastKnownFileType = sourcecode.c.objc; path = VCValidation.m; sourceTree = "<group>"; };
		F473EFE019492C2A00D8C900 /* IISideController.h */ = {isa = PBXFileReference; fileEncoding = 4; lastKnownFileType = sourcecode.c.h; path = IISideController.h; sourceTree = "<group>"; };
		F473EFE119492C2A00D8C900 /* IISideController.m */ = {isa = PBXFileReference; fileEncoding = 4; lastKnownFileType = sourcecode.c.objc; path = IISideController.m; sourceTree = "<group>"; };
		F473EFE219492C2A00D8C900 /* IIViewDeckController.h */ = {isa = PBXFileReference; fileEncoding = 4; lastKnownFileType = sourcecode.c.h; path = IIViewDeckController.h; sourceTree = "<group>"; };
		F473EFE319492C2A00D8C900 /* IIViewDeckController.m */ = {isa = PBXFileReference; fileEncoding = 4; lastKnownFileType = sourcecode.c.objc; path = IIViewDeckController.m; sourceTree = "<group>"; };
		F473EFE419492C2A00D8C900 /* IIWrapController.h */ = {isa = PBXFileReference; fileEncoding = 4; lastKnownFileType = sourcecode.c.h; path = IIWrapController.h; sourceTree = "<group>"; };
		F473EFE519492C2A00D8C900 /* IIWrapController.m */ = {isa = PBXFileReference; fileEncoding = 4; lastKnownFileType = sourcecode.c.objc; path = IIWrapController.m; sourceTree = "<group>"; };
		F473EFEB1949304300D8C900 /* VCRiderMenuViewController.h */ = {isa = PBXFileReference; fileEncoding = 4; lastKnownFileType = sourcecode.c.h; name = VCRiderMenuViewController.h; path = ViewControllers/VCRiderMenuViewController.h; sourceTree = "<group>"; };
		F473EFEC1949304300D8C900 /* VCRiderMenuViewController.m */ = {isa = PBXFileReference; fileEncoding = 4; lastKnownFileType = sourcecode.c.objc; name = VCRiderMenuViewController.m; path = ViewControllers/VCRiderMenuViewController.m; sourceTree = "<group>"; };
		F473EFED1949304300D8C900 /* VCRiderMenuViewController.xib */ = {isa = PBXFileReference; fileEncoding = 4; lastKnownFileType = file.xib; name = VCRiderMenuViewController.xib; path = ViewControllers/VCRiderMenuViewController.xib; sourceTree = "<group>"; };
		F473EFF019494DB100D8C900 /* QuartzCore.framework */ = {isa = PBXFileReference; lastKnownFileType = wrapper.framework; name = QuartzCore.framework; path = System/Library/Frameworks/QuartzCore.framework; sourceTree = SDKROOT; };
		F473EFF41949513F00D8C900 /* AddressBook.framework */ = {isa = PBXFileReference; lastKnownFileType = wrapper.framework; name = AddressBook.framework; path = System/Library/Frameworks/AddressBook.framework; sourceTree = SDKROOT; };
		F473EFF61949514A00D8C900 /* libxml2.dylib */ = {isa = PBXFileReference; lastKnownFileType = "compiled.mach-o.dylib"; name = libxml2.dylib; path = usr/lib/libxml2.dylib; sourceTree = SDKROOT; };
		F473EFF81949515800D8C900 /* SystemConfiguration.framework */ = {isa = PBXFileReference; lastKnownFileType = wrapper.framework; name = SystemConfiguration.framework; path = System/Library/Frameworks/SystemConfiguration.framework; sourceTree = SDKROOT; };
		F473EFFD19497FBF00D8C900 /* map_pin_fill-512.png */ = {isa = PBXFileReference; lastKnownFileType = image.png; path = "map_pin_fill-512.png"; sourceTree = "<group>"; };
		F473EFFF194A498E00D8C900 /* VCLabel.h */ = {isa = PBXFileReference; fileEncoding = 4; lastKnownFileType = sourcecode.c.h; name = VCLabel.h; path = Controls/VCLabel.h; sourceTree = "<group>"; };
		F473F000194A498E00D8C900 /* VCLabel.m */ = {isa = PBXFileReference; fileEncoding = 4; lastKnownFileType = sourcecode.c.objc; name = VCLabel.m; path = Controls/VCLabel.m; sourceTree = "<group>"; };
		F473F003194A54AC00D8C900 /* VCMapQuestRouting.h */ = {isa = PBXFileReference; fileEncoding = 4; lastKnownFileType = sourcecode.c.h; path = VCMapQuestRouting.h; sourceTree = "<group>"; };
		F473F004194A54AC00D8C900 /* VCMapQuestRouting.m */ = {isa = PBXFileReference; fileEncoding = 4; lastKnownFileType = sourcecode.c.objc; path = VCMapQuestRouting.m; sourceTree = "<group>"; };
		F473F007194A5A0200D8C900 /* MQRouteResponse.h */ = {isa = PBXFileReference; fileEncoding = 4; lastKnownFileType = sourcecode.c.h; name = MQRouteResponse.h; path = Geolocation/MQRouteResponse.h; sourceTree = "<group>"; };
		F473F008194A5A0200D8C900 /* MQRouteResponse.m */ = {isa = PBXFileReference; fileEncoding = 4; lastKnownFileType = sourcecode.c.objc; name = MQRouteResponse.m; path = Geolocation/MQRouteResponse.m; sourceTree = "<group>"; };
		F473F00A194A5A6100D8C900 /* MQShape.h */ = {isa = PBXFileReference; fileEncoding = 4; lastKnownFileType = sourcecode.c.h; name = MQShape.h; path = Geolocation/MQShape.h; sourceTree = "<group>"; };
		F473F00B194A5A6100D8C900 /* MQShape.m */ = {isa = PBXFileReference; fileEncoding = 4; lastKnownFileType = sourcecode.c.objc; name = MQShape.m; path = Geolocation/MQShape.m; sourceTree = "<group>"; };
		F473F00F194A6D3C00D8C900 /* BaseViewController.h */ = {isa = PBXFileReference; fileEncoding = 4; lastKnownFileType = sourcecode.c.h; path = BaseViewController.h; sourceTree = "<group>"; };
		F473F010194A6D3C00D8C900 /* BaseViewController.m */ = {isa = PBXFileReference; fileEncoding = 4; lastKnownFileType = sourcecode.c.objc; path = BaseViewController.m; sourceTree = "<group>"; };
		F473F012194FB1A000D8C900 /* Voco 3.xcdatamodel */ = {isa = PBXFileReference; lastKnownFileType = wrapper.xcdatamodel; path = "Voco 3.xcdatamodel"; sourceTree = "<group>"; };
		F473F013194FB45400D8C900 /* Voco 4.xcdatamodel */ = {isa = PBXFileReference; lastKnownFileType = wrapper.xcdatamodel; path = "Voco 4.xcdatamodel"; sourceTree = "<group>"; };
		F473F0141950358000D8C900 /* MQRoute.h */ = {isa = PBXFileReference; fileEncoding = 4; lastKnownFileType = sourcecode.c.h; name = MQRoute.h; path = Geolocation/MQRoute.h; sourceTree = "<group>"; };
		F473F0151950358000D8C900 /* MQRoute.m */ = {isa = PBXFileReference; fileEncoding = 4; lastKnownFileType = sourcecode.c.objc; name = MQRoute.m; path = Geolocation/MQRoute.m; sourceTree = "<group>"; };
		F473F017195044AA00D8C900 /* menu-list.png */ = {isa = PBXFileReference; lastKnownFileType = image.png; path = "menu-list.png"; sourceTree = "<group>"; };
		F473F018195044AA00D8C900 /* menu-list@2x.png */ = {isa = PBXFileReference; lastKnownFileType = image.png; path = "menu-list@2x.png"; sourceTree = "<group>"; };
		F473F01B195113D100D8C900 /* VCRequestUpdate.h */ = {isa = PBXFileReference; fileEncoding = 4; lastKnownFileType = sourcecode.c.h; name = VCRequestUpdate.h; path = API/Rider/VCRequestUpdate.h; sourceTree = "<group>"; };
		F473F01C195113D100D8C900 /* VCRequestUpdate.m */ = {isa = PBXFileReference; fileEncoding = 4; lastKnownFileType = sourcecode.c.objc; name = VCRequestUpdate.m; path = API/Rider/VCRequestUpdate.m; sourceTree = "<group>"; };
		F473F01E19511D7700D8C900 /* VCDevicesApi.h */ = {isa = PBXFileReference; fileEncoding = 4; lastKnownFileType = sourcecode.c.h; name = VCDevicesApi.h; path = API/Devices/VCDevicesApi.h; sourceTree = "<group>"; };
		F473F01F19511D7700D8C900 /* VCDevicesApi.m */ = {isa = PBXFileReference; fileEncoding = 4; lastKnownFileType = sourcecode.c.objc; name = VCDevicesApi.m; path = API/Devices/VCDevicesApi.m; sourceTree = "<group>"; };
		F473F02119513B6300D8C900 /* Voco 5.xcdatamodel */ = {isa = PBXFileReference; lastKnownFileType = wrapper.xcdatamodel; path = "Voco 5.xcdatamodel"; sourceTree = "<group>"; };
		F473F0261951931D00D8C900 /* VCRiderHomeDevViewController.h */ = {isa = PBXFileReference; fileEncoding = 4; lastKnownFileType = sourcecode.c.h; name = VCRiderHomeDevViewController.h; path = ViewControllers/Dev/VCRiderHomeDevViewController.h; sourceTree = "<group>"; };
		F473F0271951931D00D8C900 /* VCRiderHomeDevViewController.m */ = {isa = PBXFileReference; fileEncoding = 4; lastKnownFileType = sourcecode.c.objc; name = VCRiderHomeDevViewController.m; path = ViewControllers/Dev/VCRiderHomeDevViewController.m; sourceTree = "<group>"; };
		F49EDD081946D27F0020B8BB /* VCRiderHomeViewController.h */ = {isa = PBXFileReference; fileEncoding = 4; lastKnownFileType = sourcecode.c.h; name = VCRiderHomeViewController.h; path = ViewControllers/VCRiderHomeViewController.h; sourceTree = "<group>"; };
		F49EDD091946D27F0020B8BB /* VCRiderHomeViewController.m */ = {isa = PBXFileReference; fileEncoding = 4; lastKnownFileType = sourcecode.c.objc; name = VCRiderHomeViewController.m; path = ViewControllers/VCRiderHomeViewController.m; sourceTree = "<group>"; };
		F49EDD0A1946D27F0020B8BB /* VCRiderHomeViewController.xib */ = {isa = PBXFileReference; fileEncoding = 4; lastKnownFileType = file.xib; name = VCRiderHomeViewController.xib; path = ViewControllers/VCRiderHomeViewController.xib; sourceTree = "<group>"; };
		F49EDD0E1946E2F90020B8BB /* VCInterfaceModes.h */ = {isa = PBXFileReference; fileEncoding = 4; lastKnownFileType = sourcecode.c.h; name = VCInterfaceModes.h; path = ViewControllers/VCInterfaceModes.h; sourceTree = "<group>"; };
		F49EDD0F1946E2F90020B8BB /* VCInterfaceModes.m */ = {isa = PBXFileReference; fileEncoding = 4; lastKnownFileType = sourcecode.c.objc; name = VCInterfaceModes.m; path = ViewControllers/VCInterfaceModes.m; sourceTree = "<group>"; };
		F4D8904219468A84007C4671 /* VCUsersApi.h */ = {isa = PBXFileReference; fileEncoding = 4; lastKnownFileType = sourcecode.c.h; name = VCUsersApi.h; path = Users/VCUsersApi.h; sourceTree = "<group>"; };
		F4D8904319468A84007C4671 /* VCUsersApi.m */ = {isa = PBXFileReference; fileEncoding = 4; lastKnownFileType = sourcecode.c.objc; name = VCUsersApi.m; path = Users/VCUsersApi.m; sourceTree = "<group>"; };
		F4D8904519468B69007C4671 /* VCLogin.h */ = {isa = PBXFileReference; fileEncoding = 4; lastKnownFileType = sourcecode.c.h; name = VCLogin.h; path = API/Users/VCLogin.h; sourceTree = "<group>"; };
		F4D8904619468B69007C4671 /* VCLogin.m */ = {isa = PBXFileReference; fileEncoding = 4; lastKnownFileType = sourcecode.c.objc; name = VCLogin.m; path = API/Users/VCLogin.m; sourceTree = "<group>"; };
		F4D8904819468E44007C4671 /* VCNewUser.h */ = {isa = PBXFileReference; fileEncoding = 4; lastKnownFileType = sourcecode.c.h; name = VCNewUser.h; path = API/Users/VCNewUser.h; sourceTree = "<group>"; };
		F4D8904919468E44007C4671 /* VCNewUser.m */ = {isa = PBXFileReference; fileEncoding = 4; lastKnownFileType = sourcecode.c.objc; name = VCNewUser.m; path = API/Users/VCNewUser.m; sourceTree = "<group>"; };
		F4D8904B19468F87007C4671 /* VCForgotPasswordRequest.h */ = {isa = PBXFileReference; fileEncoding = 4; lastKnownFileType = sourcecode.c.h; path = VCForgotPasswordRequest.h; sourceTree = "<group>"; };
		F4D8904C19468F87007C4671 /* VCForgotPasswordRequest.m */ = {isa = PBXFileReference; fileEncoding = 4; lastKnownFileType = sourcecode.c.objc; path = VCForgotPasswordRequest.m; sourceTree = "<group>"; };
		F4D8904E19469018007C4671 /* VCTokenResponse.h */ = {isa = PBXFileReference; fileEncoding = 4; lastKnownFileType = sourcecode.c.h; name = VCTokenResponse.h; path = API/Users/VCTokenResponse.h; sourceTree = "<group>"; };
		F4D8904F19469018007C4671 /* VCTokenResponse.m */ = {isa = PBXFileReference; fileEncoding = 4; lastKnownFileType = sourcecode.c.objc; name = VCTokenResponse.m; path = API/Users/VCTokenResponse.m; sourceTree = "<group>"; };
		F4D8905119469F0F007C4671 /* VCDriverInterestedRequest.h */ = {isa = PBXFileReference; fileEncoding = 4; lastKnownFileType = sourcecode.c.h; name = VCDriverInterestedRequest.h; path = API/Users/VCDriverInterestedRequest.h; sourceTree = "<group>"; };
		F4D8905219469F0F007C4671 /* VCDriverInterestedRequest.m */ = {isa = PBXFileReference; fileEncoding = 4; lastKnownFileType = sourcecode.c.objc; name = VCDriverInterestedRequest.m; path = API/Users/VCDriverInterestedRequest.m; sourceTree = "<group>"; };
		F4D890541946A2D9007C4671 /* VCObjectRequestOperation.h */ = {isa = PBXFileReference; fileEncoding = 4; lastKnownFileType = sourcecode.c.h; name = VCObjectRequestOperation.h; path = API/VCObjectRequestOperation.h; sourceTree = "<group>"; };
		F4D890551946A2D9007C4671 /* VCObjectRequestOperation.m */ = {isa = PBXFileReference; fileEncoding = 4; lastKnownFileType = sourcecode.c.objc; name = VCObjectRequestOperation.m; path = API/VCObjectRequestOperation.m; sourceTree = "<group>"; };
		F4FA0BE4192BF6BF005D8645 /* Voco.app */ = {isa = PBXFileReference; explicitFileType = wrapper.application; includeInIndex = 0; path = Voco.app; sourceTree = BUILT_PRODUCTS_DIR; };
		F4FA0BE7192BF6BF005D8645 /* Foundation.framework */ = {isa = PBXFileReference; lastKnownFileType = wrapper.framework; name = Foundation.framework; path = System/Library/Frameworks/Foundation.framework; sourceTree = SDKROOT; };
		F4FA0BE9192BF6BF005D8645 /* CoreGraphics.framework */ = {isa = PBXFileReference; lastKnownFileType = wrapper.framework; name = CoreGraphics.framework; path = System/Library/Frameworks/CoreGraphics.framework; sourceTree = SDKROOT; };
		F4FA0BEB192BF6BF005D8645 /* UIKit.framework */ = {isa = PBXFileReference; lastKnownFileType = wrapper.framework; name = UIKit.framework; path = System/Library/Frameworks/UIKit.framework; sourceTree = SDKROOT; };
		F4FA0BED192BF6BF005D8645 /* CoreData.framework */ = {isa = PBXFileReference; lastKnownFileType = wrapper.framework; name = CoreData.framework; path = System/Library/Frameworks/CoreData.framework; sourceTree = SDKROOT; };
		F4FA0BF1192BF6BF005D8645 /* Voco-Info.plist */ = {isa = PBXFileReference; lastKnownFileType = text.plist.xml; path = "Voco-Info.plist"; sourceTree = "<group>"; };
		F4FA0BF3192BF6BF005D8645 /* en */ = {isa = PBXFileReference; lastKnownFileType = text.plist.strings; name = en; path = en.lproj/InfoPlist.strings; sourceTree = "<group>"; };
		F4FA0BF5192BF6BF005D8645 /* main.m */ = {isa = PBXFileReference; lastKnownFileType = sourcecode.c.objc; path = main.m; sourceTree = "<group>"; };
		F4FA0BF7192BF6BF005D8645 /* Voco-Prefix.pch */ = {isa = PBXFileReference; lastKnownFileType = sourcecode.c.h; path = "Voco-Prefix.pch"; sourceTree = "<group>"; };
		F4FA0BF8192BF6BF005D8645 /* VCAppDelegate.h */ = {isa = PBXFileReference; lastKnownFileType = sourcecode.c.h; path = VCAppDelegate.h; sourceTree = "<group>"; };
		F4FA0BF9192BF6BF005D8645 /* VCAppDelegate.m */ = {isa = PBXFileReference; lastKnownFileType = sourcecode.c.objc; path = VCAppDelegate.m; sourceTree = "<group>"; };
		F4FA0BFC192BF6BF005D8645 /* Voco.xcdatamodel */ = {isa = PBXFileReference; lastKnownFileType = wrapper.xcdatamodel; path = Voco.xcdatamodel; sourceTree = "<group>"; };
		F4FA0BFE192BF6BF005D8645 /* Images.xcassets */ = {isa = PBXFileReference; lastKnownFileType = folder.assetcatalog; path = Images.xcassets; sourceTree = "<group>"; };
		F4FA0C04192BF6BF005D8645 /* VocoTests.xctest */ = {isa = PBXFileReference; explicitFileType = wrapper.cfbundle; includeInIndex = 0; path = VocoTests.xctest; sourceTree = BUILT_PRODUCTS_DIR; };
		F4FA0C05192BF6BF005D8645 /* XCTest.framework */ = {isa = PBXFileReference; lastKnownFileType = wrapper.framework; name = XCTest.framework; path = Library/Frameworks/XCTest.framework; sourceTree = DEVELOPER_DIR; };
		F4FA0C0E192BF6BF005D8645 /* VocoTests-Info.plist */ = {isa = PBXFileReference; lastKnownFileType = text.plist.xml; path = "VocoTests-Info.plist"; sourceTree = "<group>"; };
		F4FA0C10192BF6BF005D8645 /* en */ = {isa = PBXFileReference; lastKnownFileType = text.plist.strings; name = en; path = en.lproj/InfoPlist.strings; sourceTree = "<group>"; };
		F4FA0C12192BF6BF005D8645 /* VocoTests.m */ = {isa = PBXFileReference; lastKnownFileType = sourcecode.c.objc; path = VocoTests.m; sourceTree = "<group>"; };
		F4FE1AEF1936BE0900354886 /* VCDevice.h */ = {isa = PBXFileReference; fileEncoding = 4; lastKnownFileType = sourcecode.c.h; name = VCDevice.h; path = API/Devices/VCDevice.h; sourceTree = "<group>"; };
		F4FE1AF01936BE0900354886 /* VCDevice.m */ = {isa = PBXFileReference; fileEncoding = 4; lastKnownFileType = sourcecode.c.objc; name = VCDevice.m; path = API/Devices/VCDevice.m; sourceTree = "<group>"; };
		F4FE1AF41936BE8D00354886 /* VCRestKitMappableObject.h */ = {isa = PBXFileReference; lastKnownFileType = sourcecode.c.h; name = VCRestKitMappableObject.h; path = API/Base/VCRestKitMappableObject.h; sourceTree = "<group>"; };
		F4FE1AF61937DD5600354886 /* VCPushManager.h */ = {isa = PBXFileReference; fileEncoding = 4; lastKnownFileType = sourcecode.c.h; path = VCPushManager.h; sourceTree = "<group>"; };
		F4FE1AF71937DD5600354886 /* VCPushManager.m */ = {isa = PBXFileReference; fileEncoding = 4; lastKnownFileType = sourcecode.c.objc; path = VCPushManager.m; sourceTree = "<group>"; };
		F4FE1AF91937DD6600354886 /* VCGeolocation.h */ = {isa = PBXFileReference; fileEncoding = 4; lastKnownFileType = sourcecode.c.h; path = VCGeolocation.h; sourceTree = "<group>"; };
		F4FE1AFA1937DD6600354886 /* VCGeolocation.m */ = {isa = PBXFileReference; fileEncoding = 4; lastKnownFileType = sourcecode.c.objc; path = VCGeolocation.m; sourceTree = "<group>"; };
		F4FE1AFC193839DF00354886 /* Drive.h */ = {isa = PBXFileReference; fileEncoding = 4; lastKnownFileType = sourcecode.c.h; name = Drive.h; path = Model/Drive.h; sourceTree = "<group>"; };
		F4FE1AFD193839DF00354886 /* Drive.m */ = {isa = PBXFileReference; fileEncoding = 4; lastKnownFileType = sourcecode.c.objc; name = Drive.m; path = Model/Drive.m; sourceTree = "<group>"; };
		F4FE1AFF19383AE300354886 /* VCRideStateMachineFactory.h */ = {isa = PBXFileReference; fileEncoding = 4; lastKnownFileType = sourcecode.c.h; path = VCRideStateMachineFactory.h; sourceTree = "<group>"; };
		F4FE1B0019383AE300354886 /* VCRideStateMachineFactory.m */ = {isa = PBXFileReference; fileEncoding = 4; lastKnownFileType = sourcecode.c.objc; path = VCRideStateMachineFactory.m; sourceTree = "<group>"; };
		F4FE1B0519384DD800354886 /* VCRideOffer.h */ = {isa = PBXFileReference; fileEncoding = 4; lastKnownFileType = sourcecode.c.h; name = VCRideOffer.h; path = API/Driver/VCRideOffer.h; sourceTree = "<group>"; };
		F4FE1B0619384DD800354886 /* VCRideOffer.m */ = {isa = PBXFileReference; fileEncoding = 4; lastKnownFileType = sourcecode.c.objc; name = VCRideOffer.m; path = API/Driver/VCRideOffer.m; sourceTree = "<group>"; };
		F4FE1B0919384F9000354886 /* VCDriverApi.h */ = {isa = PBXFileReference; fileEncoding = 4; lastKnownFileType = sourcecode.c.h; path = VCDriverApi.h; sourceTree = "<group>"; };
		F4FE1B0A19384F9000354886 /* VCDriverApi.m */ = {isa = PBXFileReference; fileEncoding = 4; lastKnownFileType = sourcecode.c.objc; path = VCDriverApi.m; sourceTree = "<group>"; };
		F4FE1B0D1938571E00354886 /* VCRideDriverAssignment.h */ = {isa = PBXFileReference; fileEncoding = 4; lastKnownFileType = sourcecode.c.h; path = VCRideDriverAssignment.h; sourceTree = "<group>"; };
		F4FE1B0E1938571E00354886 /* VCRideDriverAssignment.m */ = {isa = PBXFileReference; fileEncoding = 4; lastKnownFileType = sourcecode.c.objc; path = VCRideDriverAssignment.m; sourceTree = "<group>"; };
		F4FE1B101938581C00354886 /* VCDialogs.h */ = {isa = PBXFileReference; fileEncoding = 4; lastKnownFileType = sourcecode.c.h; path = VCDialogs.h; sourceTree = "<group>"; };
		F4FE1B111938581C00354886 /* VCDialogs.m */ = {isa = PBXFileReference; fileEncoding = 4; lastKnownFileType = sourcecode.c.objc; path = VCDialogs.m; sourceTree = "<group>"; };
		F4FE1B1319385CAA00354886 /* VCUserState.h */ = {isa = PBXFileReference; fileEncoding = 4; lastKnownFileType = sourcecode.c.h; path = VCUserState.h; sourceTree = "<group>"; };
		F4FE1B1419385CAA00354886 /* VCUserState.m */ = {isa = PBXFileReference; fileEncoding = 4; lastKnownFileType = sourcecode.c.objc; path = VCUserState.m; sourceTree = "<group>"; };
		F4FE1B16193D2F3F00354886 /* Offer.h */ = {isa = PBXFileReference; fileEncoding = 4; lastKnownFileType = sourcecode.c.h; name = Offer.h; path = Model/Offer.h; sourceTree = "<group>"; };
		F4FE1B17193D2F3F00354886 /* Offer.m */ = {isa = PBXFileReference; fileEncoding = 4; lastKnownFileType = sourcecode.c.objc; name = Offer.m; path = Model/Offer.m; sourceTree = "<group>"; };
		F4FE1B19193D301F00354886 /* VCCoreData.h */ = {isa = PBXFileReference; fileEncoding = 4; lastKnownFileType = sourcecode.c.h; path = VCCoreData.h; sourceTree = "<group>"; };
		F4FE1B1A193D301F00354886 /* VCCoreData.m */ = {isa = PBXFileReference; fileEncoding = 4; lastKnownFileType = sourcecode.c.objc; path = VCCoreData.m; sourceTree = "<group>"; };
		F4FE1B1E193D8FE500354886 /* VCPushApi.h */ = {isa = PBXFileReference; fileEncoding = 4; lastKnownFileType = sourcecode.c.h; name = VCPushApi.h; path = API/VCPushApi.h; sourceTree = "<group>"; };
		F4FE1B1F193D8FE500354886 /* VCPushApi.m */ = {isa = PBXFileReference; fileEncoding = 4; lastKnownFileType = sourcecode.c.objc; name = VCPushApi.m; path = API/VCPushApi.m; sourceTree = "<group>"; };
		F4FE1B21193DCB6700354886 /* Voco 2.xcdatamodel */ = {isa = PBXFileReference; lastKnownFileType = wrapper.xcdatamodel; path = "Voco 2.xcdatamodel"; sourceTree = "<group>"; };
		F4FE1B22193E722B00354886 /* VCRideIdentity.h */ = {isa = PBXFileReference; fileEncoding = 4; lastKnownFileType = sourcecode.c.h; name = VCRideIdentity.h; path = API/Rider/VCRideIdentity.h; sourceTree = "<group>"; };
		F4FE1B23193E722B00354886 /* VCRideIdentity.m */ = {isa = PBXFileReference; fileEncoding = 4; lastKnownFileType = sourcecode.c.objc; name = VCRideIdentity.m; path = API/Rider/VCRideIdentity.m; sourceTree = "<group>"; };
		F4FE1B2C193EA18E00354886 /* Crashlytics.framework */ = {isa = PBXFileReference; lastKnownFileType = wrapper.framework; path = Crashlytics.framework; sourceTree = "<group>"; };
		F4FE1B2F193EE06400354886 /* VCLocation.h */ = {isa = PBXFileReference; fileEncoding = 4; lastKnownFileType = sourcecode.c.h; name = VCLocation.h; path = Common/VCLocation.h; sourceTree = "<group>"; };
		F4FE1B30193EE06400354886 /* VCLocation.m */ = {isa = PBXFileReference; fileEncoding = 4; lastKnownFileType = sourcecode.c.objc; name = VCLocation.m; path = Common/VCLocation.m; sourceTree = "<group>"; };
/* End PBXFileReference section */

/* Begin PBXFrameworksBuildPhase section */
		F4FA0BE1192BF6BF005D8645 /* Frameworks */ = {
			isa = PBXFrameworksBuildPhase;
			buildActionMask = 2147483647;
			files = (
				F45F7C0019357C6100A94721 /* MapKit.framework in Frameworks */,
				F473EFF91949515800D8C900 /* SystemConfiguration.framework in Frameworks */,
				F473EFF71949514A00D8C900 /* libxml2.dylib in Frameworks */,
				F473EFF51949513F00D8C900 /* AddressBook.framework in Frameworks */,
				F473EFF119494DB100D8C900 /* QuartzCore.framework in Frameworks */,
				F45F7BFE19357C5C00A94721 /* CoreLocation.framework in Frameworks */,
				F4FE1B2D193EA18E00354886 /* Crashlytics.framework in Frameworks */,
				F4FA0BEA192BF6BF005D8645 /* CoreGraphics.framework in Frameworks */,
				F4FA0BEE192BF6BF005D8645 /* CoreData.framework in Frameworks */,
				F4FA0BEC192BF6BF005D8645 /* UIKit.framework in Frameworks */,
				F4FA0BE8192BF6BF005D8645 /* Foundation.framework in Frameworks */,
				CC26291E90FA484191AB6374 /* libPods.a in Frameworks */,
			);
			runOnlyForDeploymentPostprocessing = 0;
		};
		F4FA0C01192BF6BF005D8645 /* Frameworks */ = {
			isa = PBXFrameworksBuildPhase;
			buildActionMask = 2147483647;
			files = (
				F4FA0C06192BF6BF005D8645 /* XCTest.framework in Frameworks */,
				F4FA0C09192BF6BF005D8645 /* CoreData.framework in Frameworks */,
				F4FA0C08192BF6BF005D8645 /* UIKit.framework in Frameworks */,
				F4FA0C07192BF6BF005D8645 /* Foundation.framework in Frameworks */,
			);
			runOnlyForDeploymentPostprocessing = 0;
		};
/* End PBXFrameworksBuildPhase section */

/* Begin PBXGroup section */
		4FE641B61941562C0059BED1 /* Sign-In and Registration */ = {
			isa = PBXGroup;
			children = (
				4FE641B7194157510059BED1 /* SignInViewController.h */,
				4FE641B8194157510059BED1 /* SignInViewController.m */,
				4FE641B9194157510059BED1 /* SignInViewController.xib */,
				4FE641BC194157C60059BED1 /* DriverRequestViewController.h */,
				4FE641BD194157C60059BED1 /* DriverRequestViewController.m */,
				4FE641BE194157C60059BED1 /* DriverRequestViewController.xib */,
				4FE641C1194157EB0059BED1 /* PasswordRecoveryViewController.h */,
				4FE641C2194157EB0059BED1 /* PasswordRecoveryViewController.m */,
				4FE641C3194157EB0059BED1 /* PasswordRecoveryViewController.xib */,
				4FE641C61941584D0059BED1 /* SignUpViewController.h */,
				4FE641C71941584D0059BED1 /* SignUpViewController.m */,
				4FE641C81941584D0059BED1 /* SignUpViewController.xib */,
			);
			name = "Sign-In and Registration";
			sourceTree = "<group>";
		};
		4FE641D7194160450059BED1 /* Controls */ = {
			isa = PBXGroup;
			children = (
				4FE641D81941607B0059BED1 /* VCTextField.h */,
				4FE641D91941607B0059BED1 /* VCTextField.m */,
				4FE641DB1941621E0059BED1 /* VCTextFieldItalic.h */,
				4FE641DC1941621E0059BED1 /* VCTextFieldItalic.m */,
				4FE641FC194170F50059BED1 /* VCButtonFont.h */,
				4FE641FD194170F50059BED1 /* VCButtonFont.m */,
				4FE641DE194162360059BED1 /* VCButtonFontBold.h */,
				4FE641DF194162360059BED1 /* VCButtonFontBold.m */,
				F473EFFF194A498E00D8C900 /* VCLabel.h */,
				F473F000194A498E00D8C900 /* VCLabel.m */,
			);
			name = Controls;
			sourceTree = "<group>";
		};
		4FE641E1194168E80059BED1 /* Assets */ = {
			isa = PBXGroup;
			children = (
				F473F017195044AA00D8C900 /* menu-list.png */,
				F473F018195044AA00D8C900 /* menu-list@2x.png */,
				F473EFFD19497FBF00D8C900 /* map_pin_fill-512.png */,
				F49EDD071946A63F0020B8BB /* Fonts */,
				4FE641E2194168E80059BED1 /* bubble@2x.png */,
				4FE641E3194168E80059BED1 /* commute_logo@2x.png */,
				4FE641E4194168E80059BED1 /* driver_must_box@2x.png */,
				4FE641E5194168E80059BED1 /* driving_car@2x.png */,
				4FE641E6194168E80059BED1 /* login_btn@2x.png */,
				4FE641E7194168E80059BED1 /* login_form@2x.png */,
				4FE641E8194168E80059BED1 /* loginBox@2x.png */,
				4FE641E9194168E80059BED1 /* red_box@2x.png */,
				4FE641EA194168E80059BED1 /* signup_box@2x.png */,
				4FE641EB194168E80059BED1 /* signUp_btn@2x.png */,
				4FE641EC194168E80059BED1 /* signupBox@2x.png */,
				4FE641ED194168E80059BED1 /* voco_logo@2x.png */,
				4FE641EE194168E80059BED1 /* VOCOfinal@2x.png */,
			);
			path = Assets;
			sourceTree = "<group>";
		};
		F45F7BE71935756000A94721 /* ViewControllers */ = {
			isa = PBXGroup;
			children = (
				F473F022195192D600D8C900 /* Dev */,
				F473F00E194A6D3400D8C900 /* Common */,
				F49EDD0D1946E2B30020B8BB /* Modes */,
				F45F7C141935A3AF00A94721 /* Driver */,
				F45F7C131935A3A500A94721 /* Rider */,
			);
			name = ViewControllers;
			sourceTree = "<group>";
		};
		F45F7BED193575C100A94721 /* Model */ = {
			isa = PBXGroup;
			children = (
				F4FA0BFB192BF6BF005D8645 /* Voco.xcdatamodeld */,
				F4FE1B16193D2F3F00354886 /* Offer.h */,
				F4FE1B17193D2F3F00354886 /* Offer.m */,
				F4FE1AFC193839DF00354886 /* Drive.h */,
				F4FE1AFD193839DF00354886 /* Drive.m */,
				F45F7C011935880500A94721 /* Ride.h */,
				F45F7C021935880500A94721 /* Ride.m */,
			);
			name = Model;
			sourceTree = "<group>";
		};
		F45F7BF2193578AA00A94721 /* Api */ = {
			isa = PBXGroup;
			children = (
				F45F7BF71935798B00A94721 /* VCApi.h */,
				F45F7BF81935798B00A94721 /* VCApi.m */,
				F4FE1B1E193D8FE500354886 /* VCPushApi.h */,
				F4FE1B1F193D8FE500354886 /* VCPushApi.m */,
				F4D890541946A2D9007C4671 /* VCObjectRequestOperation.h */,
				F4D890551946A2D9007C4671 /* VCObjectRequestOperation.m */,
				F4D8904119468A66007C4671 /* Users */,
				F4FE1AF31936BE6800354886 /* Base */,
				F4FE1B2E193EDFEE00354886 /* Common */,
				F4FE1AEE1936BDE500354886 /* Devices */,
				F45F7BF3193578B500A94721 /* Rider */,
				F4FE1B0419384D9500354886 /* Driver */,
			);
			name = Api;
			sourceTree = "<group>";
		};
		F45F7BF3193578B500A94721 /* Rider */ = {
			isa = PBXGroup;
			children = (
				F45F7BF4193578DE00A94721 /* VCRiderApi.h */,
				F45F7BF5193578DE00A94721 /* VCRiderApi.m */,
				F45F7BFA19357B8A00A94721 /* VCRideRequest.h */,
				F45F7BFB19357B8A00A94721 /* VCRideRequest.m */,
				F4FE1B22193E722B00354886 /* VCRideIdentity.h */,
				F4FE1B23193E722B00354886 /* VCRideIdentity.m */,
				F473F01B195113D100D8C900 /* VCRequestUpdate.h */,
				F473F01C195113D100D8C900 /* VCRequestUpdate.m */,
				F45F7C071935898200A94721 /* Responses */,
			);
			name = Rider;
			sourceTree = "<group>";
		};
		F45F7C071935898200A94721 /* Responses */ = {
			isa = PBXGroup;
			children = (
				F45F7C08193589A600A94721 /* VCRideRequestCreated.h */,
				F45F7C09193589A600A94721 /* VCRideRequestCreated.m */,
			);
			name = Responses;
			sourceTree = "<group>";
		};
		F45F7C0B1935975D00A94721 /* Libraries */ = {
			isa = PBXGroup;
			children = (
				F473EFDF19492C1600D8C900 /* ViewDeck */,
				F45F7C0C1935976400A94721 /* Utilities */,
			);
			name = Libraries;
			sourceTree = "<group>";
		};
		F45F7C0C1935976400A94721 /* Utilities */ = {
			isa = PBXGroup;
			children = (
				F45F7C0D1935976E00A94721 /* WRUtilities.h */,
				F45F7C0E1935976E00A94721 /* WRUtilities.m */,
				F45F7C10193597F500A94721 /* NSDate+Pretty.m */,
				F45F7C11193597F500A94721 /* NSDate+Pretty.h */,
				F473EFDA19491C2B00D8C900 /* VCValidation.h */,
				F473EFDB19491C2B00D8C900 /* VCValidation.m */,
			);
			name = Utilities;
			sourceTree = "<group>";
		};
		F45F7C131935A3A500A94721 /* Rider */ = {
			isa = PBXGroup;
			children = (
				4FE641B61941562C0059BED1 /* Sign-In and Registration */,
				F473EFE919492CA400D8C900 /* Ride System */,
				F473EFEA19492CBE00D8C900 /* Platform V1 */,
			);
			name = Rider;
			sourceTree = "<group>";
		};
		F45F7C141935A3AF00A94721 /* Driver */ = {
			isa = PBXGroup;
			children = (
				F45F7C151935A3F900A94721 /* DriverViewController.h */,
				F45F7C161935A3F900A94721 /* DriverViewController.m */,
				F45F7C171935A3F900A94721 /* DriverViewController.xib */,
			);
			name = Driver;
			sourceTree = "<group>";
		};
		F473EFDF19492C1600D8C900 /* ViewDeck */ = {
			isa = PBXGroup;
			children = (
				F473EFE019492C2A00D8C900 /* IISideController.h */,
				F473EFE119492C2A00D8C900 /* IISideController.m */,
				F473EFE219492C2A00D8C900 /* IIViewDeckController.h */,
				F473EFE319492C2A00D8C900 /* IIViewDeckController.m */,
				F473EFE419492C2A00D8C900 /* IIWrapController.h */,
				F473EFE519492C2A00D8C900 /* IIWrapController.m */,
			);
			name = ViewDeck;
			sourceTree = "<group>";
		};
		F473EFE919492CA400D8C900 /* Ride System */ = {
			isa = PBXGroup;
			children = (
				F49EDD081946D27F0020B8BB /* VCRiderHomeViewController.h */,
				F49EDD091946D27F0020B8BB /* VCRiderHomeViewController.m */,
				F49EDD0A1946D27F0020B8BB /* VCRiderHomeViewController.xib */,
				F473EFEB1949304300D8C900 /* VCRiderMenuViewController.h */,
				F473EFEC1949304300D8C900 /* VCRiderMenuViewController.m */,
				F473EFED1949304300D8C900 /* VCRiderMenuViewController.xib */,
			);
			name = "Ride System";
			sourceTree = "<group>";
		};
		F473EFEA19492CBE00D8C900 /* Platform V1 */ = {
			isa = PBXGroup;
			children = (
				F45F7BE8193575A900A94721 /* RiderViewController.h */,
				F45F7BE9193575A900A94721 /* RiderViewController.m */,
				F45F7BEA193575A900A94721 /* RiderViewController.xib */,
			);
			name = "Platform V1";
			sourceTree = "<group>";
		};
		F473F002194A549A00D8C900 /* GIS */ = {
			isa = PBXGroup;
			children = (
				F473F006194A59B400D8C900 /* MapQuest */,
				F4FE1AF91937DD6600354886 /* VCGeolocation.h */,
				F4FE1AFA1937DD6600354886 /* VCGeolocation.m */,
			);
			name = GIS;
			sourceTree = "<group>";
		};
		F473F006194A59B400D8C900 /* MapQuest */ = {
			isa = PBXGroup;
			children = (
				F473F003194A54AC00D8C900 /* VCMapQuestRouting.h */,
				F473F004194A54AC00D8C900 /* VCMapQuestRouting.m */,
				F473F007194A5A0200D8C900 /* MQRouteResponse.h */,
				F473F008194A5A0200D8C900 /* MQRouteResponse.m */,
				F473F00A194A5A6100D8C900 /* MQShape.h */,
				F473F00B194A5A6100D8C900 /* MQShape.m */,
				F473F0141950358000D8C900 /* MQRoute.h */,
				F473F0151950358000D8C900 /* MQRoute.m */,
			);
			name = MapQuest;
			sourceTree = "<group>";
		};
		F473F00E194A6D3400D8C900 /* Common */ = {
			isa = PBXGroup;
			children = (
				F473F00F194A6D3C00D8C900 /* BaseViewController.h */,
				F473F010194A6D3C00D8C900 /* BaseViewController.m */,
			);
			name = Common;
			sourceTree = "<group>";
		};
		F473F022195192D600D8C900 /* Dev */ = {
			isa = PBXGroup;
			children = (
				F473F0261951931D00D8C900 /* VCRiderHomeDevViewController.h */,
				F473F0271951931D00D8C900 /* VCRiderHomeDevViewController.m */,
			);
			name = Dev;
			sourceTree = "<group>";
		};
		F476908D1935B7FA00B9EF69 /* State Machines */ = {
			isa = PBXGroup;
			children = (
				F4FE1AFF19383AE300354886 /* VCRideStateMachineFactory.h */,
				F4FE1B0019383AE300354886 /* VCRideStateMachineFactory.m */,
			);
			name = "State Machines";
			sourceTree = "<group>";
		};
		F49EDD071946A63F0020B8BB /* Fonts */ = {
			isa = PBXGroup;
			children = (
				4F37E2D91949574000753172 /* KlinicSlabLight.ttf */,
				4F37E2DA1949574000753172 /* KlinicSlabLightIt.ttf */,
				4F37E2DB1949574000753172 /* KlinicSlabMedium.ttf */,
				4F37E2DC1949574000753172 /* KlinicSlabMediumIt.ttf */,
			);
			name = Fonts;
			sourceTree = "<group>";
		};
		F49EDD0D1946E2B30020B8BB /* Modes */ = {
			isa = PBXGroup;
			children = (
				F49EDD0E1946E2F90020B8BB /* VCInterfaceModes.h */,
				F49EDD0F1946E2F90020B8BB /* VCInterfaceModes.m */,
			);
			name = Modes;
			sourceTree = "<group>";
		};
		F4D8904119468A66007C4671 /* Users */ = {
			isa = PBXGroup;
			children = (
				F4D8904219468A84007C4671 /* VCUsersApi.h */,
				F4D8904319468A84007C4671 /* VCUsersApi.m */,
				F4D8904519468B69007C4671 /* VCLogin.h */,
				F4D8904619468B69007C4671 /* VCLogin.m */,
				F4D8904819468E44007C4671 /* VCNewUser.h */,
				F4D8904919468E44007C4671 /* VCNewUser.m */,
				F4D8904B19468F87007C4671 /* VCForgotPasswordRequest.h */,
				F4D8904C19468F87007C4671 /* VCForgotPasswordRequest.m */,
				F4D8904E19469018007C4671 /* VCTokenResponse.h */,
				F4D8904F19469018007C4671 /* VCTokenResponse.m */,
				F4D8905119469F0F007C4671 /* VCDriverInterestedRequest.h */,
				F4D8905219469F0F007C4671 /* VCDriverInterestedRequest.m */,
			);
			name = Users;
			sourceTree = "<group>";
		};
		F4FA0BDB192BF6BF005D8645 = {
			isa = PBXGroup;
			children = (
				F4FA0BEF192BF6BF005D8645 /* Voco */,
				F4FA0C0C192BF6BF005D8645 /* VocoTests */,
				F4FA0BE6192BF6BF005D8645 /* Frameworks */,
				F4FA0BE5192BF6BF005D8645 /* Products */,
				CD677E046A804589A26C0608 /* Pods.xcconfig */,
			);
			sourceTree = "<group>";
		};
		F4FA0BE5192BF6BF005D8645 /* Products */ = {
			isa = PBXGroup;
			children = (
				F4FA0BE4192BF6BF005D8645 /* Voco.app */,
				F4FA0C04192BF6BF005D8645 /* VocoTests.xctest */,
			);
			name = Products;
			sourceTree = "<group>";
		};
		F4FA0BE6192BF6BF005D8645 /* Frameworks */ = {
			isa = PBXGroup;
			children = (
				F473EFF81949515800D8C900 /* SystemConfiguration.framework */,
				F473EFF61949514A00D8C900 /* libxml2.dylib */,
				F473EFF41949513F00D8C900 /* AddressBook.framework */,
				F473EFF019494DB100D8C900 /* QuartzCore.framework */,
				F4FE1B2C193EA18E00354886 /* Crashlytics.framework */,
				F45F7BFF19357C6100A94721 /* MapKit.framework */,
				F45F7BFD19357C5C00A94721 /* CoreLocation.framework */,
				F4FA0BE7192BF6BF005D8645 /* Foundation.framework */,
				F4FA0BE9192BF6BF005D8645 /* CoreGraphics.framework */,
				F4FA0BEB192BF6BF005D8645 /* UIKit.framework */,
				F4FA0BED192BF6BF005D8645 /* CoreData.framework */,
				F4FA0C05192BF6BF005D8645 /* XCTest.framework */,
				351E93948BFC43989C411DB5 /* libPods.a */,
			);
			name = Frameworks;
			sourceTree = "<group>";
		};
		F4FA0BEF192BF6BF005D8645 /* Voco */ = {
			isa = PBXGroup;
			children = (
				F473F002194A549A00D8C900 /* GIS */,
				F4FE1AF51937DD1A00354886 /* Application */,
				F45F7C0B1935975D00A94721 /* Libraries */,
				F45F7BF2193578AA00A94721 /* Api */,
				F476908D1935B7FA00B9EF69 /* State Machines */,
				F45F7BED193575C100A94721 /* Model */,
				4FE641D7194160450059BED1 /* Controls */,
				F45F7BE71935756000A94721 /* ViewControllers */,
				F4FA0BFE192BF6BF005D8645 /* Images.xcassets */,
				F4FA0BF0192BF6BF005D8645 /* Supporting Files */,
				4FE641E1194168E80059BED1 /* Assets */,
			);
			path = Voco;
			sourceTree = "<group>";
		};
		F4FA0BF0192BF6BF005D8645 /* Supporting Files */ = {
			isa = PBXGroup;
			children = (
				F4FA0BF1192BF6BF005D8645 /* Voco-Info.plist */,
				F4FA0BF2192BF6BF005D8645 /* InfoPlist.strings */,
				F4FA0BF5192BF6BF005D8645 /* main.m */,
				F4FA0BF7192BF6BF005D8645 /* Voco-Prefix.pch */,
			);
			name = "Supporting Files";
			sourceTree = "<group>";
		};
		F4FA0C0C192BF6BF005D8645 /* VocoTests */ = {
			isa = PBXGroup;
			children = (
				F4FA0C12192BF6BF005D8645 /* VocoTests.m */,
				F4FA0C0D192BF6BF005D8645 /* Supporting Files */,
			);
			path = VocoTests;
			sourceTree = "<group>";
		};
		F4FA0C0D192BF6BF005D8645 /* Supporting Files */ = {
			isa = PBXGroup;
			children = (
				F4FA0C0E192BF6BF005D8645 /* VocoTests-Info.plist */,
				F4FA0C0F192BF6BF005D8645 /* InfoPlist.strings */,
			);
			name = "Supporting Files";
			sourceTree = "<group>";
		};
		F4FE1AEE1936BDE500354886 /* Devices */ = {
			isa = PBXGroup;
			children = (
				F4FE1AEF1936BE0900354886 /* VCDevice.h */,
				F4FE1AF01936BE0900354886 /* VCDevice.m */,
				F473F01E19511D7700D8C900 /* VCDevicesApi.h */,
				F473F01F19511D7700D8C900 /* VCDevicesApi.m */,
			);
			name = Devices;
			sourceTree = "<group>";
		};
		F4FE1AF31936BE6800354886 /* Base */ = {
			isa = PBXGroup;
			children = (
				F4FE1AF41936BE8D00354886 /* VCRestKitMappableObject.h */,
			);
			name = Base;
			sourceTree = "<group>";
		};
		F4FE1AF51937DD1A00354886 /* Application */ = {
			isa = PBXGroup;
			children = (
				F4FA0BF8192BF6BF005D8645 /* VCAppDelegate.h */,
				F4FA0BF9192BF6BF005D8645 /* VCAppDelegate.m */,
				F4FE1AF61937DD5600354886 /* VCPushManager.h */,
				F4FE1AF71937DD5600354886 /* VCPushManager.m */,
				F4FE1B101938581C00354886 /* VCDialogs.h */,
				F4FE1B111938581C00354886 /* VCDialogs.m */,
				F4FE1B1319385CAA00354886 /* VCUserState.h */,
				F4FE1B1419385CAA00354886 /* VCUserState.m */,
				F4FE1B19193D301F00354886 /* VCCoreData.h */,
				F4FE1B1A193D301F00354886 /* VCCoreData.m */,
			);
			name = Application;
			sourceTree = "<group>";
		};
		F4FE1B0419384D9500354886 /* Driver */ = {
			isa = PBXGroup;
			children = (
				F4FE1B0919384F9000354886 /* VCDriverApi.h */,
				F4FE1B0A19384F9000354886 /* VCDriverApi.m */,
				F4FE1B0519384DD800354886 /* VCRideOffer.h */,
				F4FE1B0619384DD800354886 /* VCRideOffer.m */,
				F4FE1B0D1938571E00354886 /* VCRideDriverAssignment.h */,
				F4FE1B0E1938571E00354886 /* VCRideDriverAssignment.m */,
			);
			name = Driver;
			sourceTree = "<group>";
		};
		F4FE1B2E193EDFEE00354886 /* Common */ = {
			isa = PBXGroup;
			children = (
				F4FE1B2F193EE06400354886 /* VCLocation.h */,
				F4FE1B30193EE06400354886 /* VCLocation.m */,
			);
			name = Common;
			sourceTree = "<group>";
		};
/* End PBXGroup section */

/* Begin PBXNativeTarget section */
		F4FA0BE3192BF6BF005D8645 /* Voco */ = {
			isa = PBXNativeTarget;
			buildConfigurationList = F4FA0C16192BF6BF005D8645 /* Build configuration list for PBXNativeTarget "Voco" */;
			buildPhases = (
				127C3440BEE44F71B51F18C3 /* Check Pods Manifest.lock */,
				F4FA0BE0192BF6BF005D8645 /* Sources */,
				F4FA0BE1192BF6BF005D8645 /* Frameworks */,
				F4FA0BE2192BF6BF005D8645 /* Resources */,
				A2C77502DF4D49478F120063 /* Copy Pods Resources */,
				F4FE1B25193E9CCF00354886 /* ShellScript */,
			);
			buildRules = (
			);
			dependencies = (
			);
			name = Voco;
			productName = Voco;
			productReference = F4FA0BE4192BF6BF005D8645 /* Voco.app */;
			productType = "com.apple.product-type.application";
		};
		F4FA0C03192BF6BF005D8645 /* VocoTests */ = {
			isa = PBXNativeTarget;
			buildConfigurationList = F4FA0C19192BF6BF005D8645 /* Build configuration list for PBXNativeTarget "VocoTests" */;
			buildPhases = (
				F4FA0C00192BF6BF005D8645 /* Sources */,
				F4FA0C01192BF6BF005D8645 /* Frameworks */,
				F4FA0C02192BF6BF005D8645 /* Resources */,
			);
			buildRules = (
			);
			dependencies = (
				F4FA0C0B192BF6BF005D8645 /* PBXTargetDependency */,
			);
			name = VocoTests;
			productName = VocoTests;
			productReference = F4FA0C04192BF6BF005D8645 /* VocoTests.xctest */;
			productType = "com.apple.product-type.bundle.unit-test";
		};
/* End PBXNativeTarget section */

/* Begin PBXProject section */
		F4FA0BDC192BF6BF005D8645 /* Project object */ = {
			isa = PBXProject;
			attributes = {
				CLASSPREFIX = VC;
				LastUpgradeCheck = 0510;
				ORGANIZATIONNAME = Voco;
				TargetAttributes = {
					F4FA0BE3192BF6BF005D8645 = {
						DevelopmentTeam = 6JQGNMU28F;
						SystemCapabilities = {
							com.apple.BackgroundModes = {
								enabled = 1;
							};
						};
					};
					F4FA0C03192BF6BF005D8645 = {
						TestTargetID = F4FA0BE3192BF6BF005D8645;
					};
				};
			};
			buildConfigurationList = F4FA0BDF192BF6BF005D8645 /* Build configuration list for PBXProject "Voco" */;
			compatibilityVersion = "Xcode 3.2";
			developmentRegion = English;
			hasScannedForEncodings = 0;
			knownRegions = (
				en,
			);
			mainGroup = F4FA0BDB192BF6BF005D8645;
			productRefGroup = F4FA0BE5192BF6BF005D8645 /* Products */;
			projectDirPath = "";
			projectRoot = "";
			targets = (
				F4FA0BE3192BF6BF005D8645 /* Voco */,
				F4FA0C03192BF6BF005D8645 /* VocoTests */,
			);
		};
/* End PBXProject section */

/* Begin PBXResourcesBuildPhase section */
		F4FA0BE2192BF6BF005D8645 /* Resources */ = {
			isa = PBXResourcesBuildPhase;
			buildActionMask = 2147483647;
			files = (
				4FE641F7194168E80059BED1 /* signup_box@2x.png in Resources */,
				F49EDD0C1946D27F0020B8BB /* VCRiderHomeViewController.xib in Resources */,
				4FE641F5194168E80059BED1 /* loginBox@2x.png in Resources */,
				4F37E2DD1949574000753172 /* KlinicSlabLight.ttf in Resources */,
				4F37E2DE1949574000753172 /* KlinicSlabLightIt.ttf in Resources */,
				F473F01A195044AA00D8C900 /* menu-list@2x.png in Resources */,
				4FE641FB194168E80059BED1 /* VOCOfinal@2x.png in Resources */,
				4FE641F1194168E80059BED1 /* driver_must_box@2x.png in Resources */,
				4FE641F9194168E80059BED1 /* signupBox@2x.png in Resources */,
				4FE641EF194168E80059BED1 /* bubble@2x.png in Resources */,
				4FE641C0194157C60059BED1 /* DriverRequestViewController.xib in Resources */,
				4FE641F2194168E80059BED1 /* driving_car@2x.png in Resources */,
				4F37E2DF1949574000753172 /* KlinicSlabMedium.ttf in Resources */,
				F473F019195044AA00D8C900 /* menu-list.png in Resources */,
				4FE641BB194157510059BED1 /* SignInViewController.xib in Resources */,
				F473EFFE19497FBF00D8C900 /* map_pin_fill-512.png in Resources */,
				4FE641C5194157EB0059BED1 /* PasswordRecoveryViewController.xib in Resources */,
				4F37E2E01949574000753172 /* KlinicSlabMediumIt.ttf in Resources */,
				4FE641F4194168E80059BED1 /* login_form@2x.png in Resources */,
				F45F7C191935A3F900A94721 /* DriverViewController.xib in Resources */,
				F45F7BEC193575A900A94721 /* RiderViewController.xib in Resources */,
				4FE641F6194168E80059BED1 /* red_box@2x.png in Resources */,
				F4FA0BF4192BF6BF005D8645 /* InfoPlist.strings in Resources */,
				4FE641F8194168E80059BED1 /* signUp_btn@2x.png in Resources */,
				4FE641CA1941584D0059BED1 /* SignUpViewController.xib in Resources */,
				4FE641FA194168E80059BED1 /* voco_logo@2x.png in Resources */,
				4FE641F0194168E80059BED1 /* commute_logo@2x.png in Resources */,
				F4FA0BFF192BF6BF005D8645 /* Images.xcassets in Resources */,
				F473EFEF1949304300D8C900 /* VCRiderMenuViewController.xib in Resources */,
				4FE641F3194168E80059BED1 /* login_btn@2x.png in Resources */,
			);
			runOnlyForDeploymentPostprocessing = 0;
		};
		F4FA0C02192BF6BF005D8645 /* Resources */ = {
			isa = PBXResourcesBuildPhase;
			buildActionMask = 2147483647;
			files = (
				F4FA0C11192BF6BF005D8645 /* InfoPlist.strings in Resources */,
			);
			runOnlyForDeploymentPostprocessing = 0;
		};
/* End PBXResourcesBuildPhase section */

/* Begin PBXShellScriptBuildPhase section */
		127C3440BEE44F71B51F18C3 /* Check Pods Manifest.lock */ = {
			isa = PBXShellScriptBuildPhase;
			buildActionMask = 2147483647;
			files = (
			);
			inputPaths = (
			);
			name = "Check Pods Manifest.lock";
			outputPaths = (
			);
			runOnlyForDeploymentPostprocessing = 0;
			shellPath = /bin/sh;
			shellScript = "diff \"${PODS_ROOT}/../Podfile.lock\" \"${PODS_ROOT}/Manifest.lock\" > /dev/null\nif [[ $? != 0 ]] ; then\n    cat << EOM\nerror: The sandbox is not in sync with the Podfile.lock. Run 'pod install' or update your CocoaPods installation.\nEOM\n    exit 1\nfi\n";
			showEnvVarsInLog = 0;
		};
		A2C77502DF4D49478F120063 /* Copy Pods Resources */ = {
			isa = PBXShellScriptBuildPhase;
			buildActionMask = 2147483647;
			files = (
			);
			inputPaths = (
			);
			name = "Copy Pods Resources";
			outputPaths = (
			);
			runOnlyForDeploymentPostprocessing = 0;
			shellPath = /bin/sh;
			shellScript = "\"${SRCROOT}/../Pods/Pods-resources.sh\"\n";
			showEnvVarsInLog = 0;
		};
		F4FE1B25193E9CCF00354886 /* ShellScript */ = {
			isa = PBXShellScriptBuildPhase;
			buildActionMask = 2147483647;
			files = (
			);
			inputPaths = (
			);
			outputPaths = (
			);
			runOnlyForDeploymentPostprocessing = 0;
			shellPath = /bin/sh;
			shellScript = "./Crashlytics.framework/run f7d1a0eeca165a46710d606ff21a38fea3c9ec43 30443cbde3ed6a69c0f8176acfb84b3b3a6de64d3e74596b70f376616eff7558";
		};
/* End PBXShellScriptBuildPhase section */

/* Begin PBXSourcesBuildPhase section */
		F4FA0BE0192BF6BF005D8645 /* Sources */ = {
			isa = PBXSourcesBuildPhase;
			buildActionMask = 2147483647;
			files = (
				F473EFE819492C2A00D8C900 /* IIWrapController.m in Sources */,
				F4D8904D19468F87007C4671 /* VCForgotPasswordRequest.m in Sources */,
				F4FE1B0119383AE300354886 /* VCRideStateMachineFactory.m in Sources */,
				F4FE1B20193D8FE500354886 /* VCPushApi.m in Sources */,
				F45F7C181935A3F900A94721 /* DriverViewController.m in Sources */,
				F473F011194A6D3C00D8C900 /* BaseViewController.m in Sources */,
				F4FA0BFD192BF6BF005D8645 /* Voco.xcdatamodeld in Sources */,
				F4D8905019469018007C4671 /* VCTokenResponse.m in Sources */,
				F4FE1B24193E722B00354886 /* VCRideIdentity.m in Sources */,
				F45F7BF6193578DE00A94721 /* VCRiderApi.m in Sources */,
				4FE641E0194162360059BED1 /* VCButtonFontBold.m in Sources */,
				4FE641DD1941621E0059BED1 /* VCTextFieldItalic.m in Sources */,
				F4FE1B121938581C00354886 /* VCDialogs.m in Sources */,
				F473F009194A5A0200D8C900 /* MQRouteResponse.m in Sources */,
				4FE641BA194157510059BED1 /* SignInViewController.m in Sources */,
				F473F02019511D7700D8C900 /* VCDevicesApi.m in Sources */,
				F4FE1AFE193839DF00354886 /* Drive.m in Sources */,
				F4D8904A19468E44007C4671 /* VCNewUser.m in Sources */,
				F473EFE619492C2A00D8C900 /* IISideController.m in Sources */,
				F49EDD0B1946D27F0020B8BB /* VCRiderHomeViewController.m in Sources */,
				4FE641FE194170F50059BED1 /* VCButtonFont.m in Sources */,
				F473F00C194A5A6100D8C900 /* MQShape.m in Sources */,
				F45F7BFC19357B8A00A94721 /* VCRideRequest.m in Sources */,
				F4FE1AF81937DD5600354886 /* VCPushManager.m in Sources */,
				F4FE1AFB1937DD6600354886 /* VCGeolocation.m in Sources */,
				4FE641BF194157C60059BED1 /* DriverRequestViewController.m in Sources */,
				F4FE1B18193D2F3F00354886 /* Offer.m in Sources */,
				F473F005194A54AC00D8C900 /* VCMapQuestRouting.m in Sources */,
				F49EDD101946E2F90020B8BB /* VCInterfaceModes.m in Sources */,
				F473F01D195113D100D8C900 /* VCRequestUpdate.m in Sources */,
				F4FE1B1B193D301F00354886 /* VCCoreData.m in Sources */,
				F473F001194A498E00D8C900 /* VCLabel.m in Sources */,
				F473EFEE1949304300D8C900 /* VCRiderMenuViewController.m in Sources */,
				F4FE1B0F1938571E00354886 /* VCRideDriverAssignment.m in Sources */,
				4FE641C4194157EB0059BED1 /* PasswordRecoveryViewController.m in Sources */,
				F4FE1B0B19384F9000354886 /* VCDriverApi.m in Sources */,
				F473EFE719492C2A00D8C900 /* IIViewDeckController.m in Sources */,
				F45F7BEB193575A900A94721 /* RiderViewController.m in Sources */,
				F45F7BF91935798B00A94721 /* VCApi.m in Sources */,
				F4FE1B31193EE06400354886 /* VCLocation.m in Sources */,
				F4D8904719468B69007C4671 /* VCLogin.m in Sources */,
				F4FE1AF11936BE0900354886 /* VCDevice.m in Sources */,
				F45F7C031935880500A94721 /* Ride.m in Sources */,
				F4D890561946A2D9007C4671 /* VCObjectRequestOperation.m in Sources */,
				F473EFDC19491C2B00D8C900 /* VCValidation.m in Sources */,
				F473F0161950358000D8C900 /* MQRoute.m in Sources */,
				F4FA0BF6192BF6BF005D8645 /* main.m in Sources */,
				F45F7C0F1935976E00A94721 /* WRUtilities.m in Sources */,
				4FE641DA1941607B0059BED1 /* VCTextField.m in Sources */,
				F45F7C0A193589A600A94721 /* VCRideRequestCreated.m in Sources */,
				F4D8905319469F0F007C4671 /* VCDriverInterestedRequest.m in Sources */,
				4FE641C91941584D0059BED1 /* SignUpViewController.m in Sources */,
				F45F7C12193597F500A94721 /* NSDate+Pretty.m in Sources */,
				F473F0281951931D00D8C900 /* VCRiderHomeDevViewController.m in Sources */,
				F4FA0BFA192BF6BF005D8645 /* VCAppDelegate.m in Sources */,
				F4FE1B1519385CAA00354886 /* VCUserState.m in Sources */,
				F4D8904419468A84007C4671 /* VCUsersApi.m in Sources */,
			);
			runOnlyForDeploymentPostprocessing = 0;
		};
		F4FA0C00192BF6BF005D8645 /* Sources */ = {
			isa = PBXSourcesBuildPhase;
			buildActionMask = 2147483647;
			files = (
				F4FA0C13192BF6BF005D8645 /* VocoTests.m in Sources */,
			);
			runOnlyForDeploymentPostprocessing = 0;
		};
/* End PBXSourcesBuildPhase section */

/* Begin PBXTargetDependency section */
		F4FA0C0B192BF6BF005D8645 /* PBXTargetDependency */ = {
			isa = PBXTargetDependency;
			target = F4FA0BE3192BF6BF005D8645 /* Voco */;
			targetProxy = F4FA0C0A192BF6BF005D8645 /* PBXContainerItemProxy */;
		};
/* End PBXTargetDependency section */

/* Begin PBXVariantGroup section */
		F4FA0BF2192BF6BF005D8645 /* InfoPlist.strings */ = {
			isa = PBXVariantGroup;
			children = (
				F4FA0BF3192BF6BF005D8645 /* en */,
			);
			name = InfoPlist.strings;
			sourceTree = "<group>";
		};
		F4FA0C0F192BF6BF005D8645 /* InfoPlist.strings */ = {
			isa = PBXVariantGroup;
			children = (
				F4FA0C10192BF6BF005D8645 /* en */,
			);
			name = InfoPlist.strings;
			sourceTree = "<group>";
		};
/* End PBXVariantGroup section */

/* Begin XCBuildConfiguration section */
		F4FA0C14192BF6BF005D8645 /* Debug */ = {
			isa = XCBuildConfiguration;
			buildSettings = {
				ALWAYS_SEARCH_USER_PATHS = NO;
				CLANG_CXX_LANGUAGE_STANDARD = "gnu++0x";
				CLANG_CXX_LIBRARY = "libc++";
				CLANG_ENABLE_MODULES = YES;
				CLANG_ENABLE_OBJC_ARC = YES;
				CLANG_WARN_BOOL_CONVERSION = YES;
				CLANG_WARN_CONSTANT_CONVERSION = YES;
				CLANG_WARN_DIRECT_OBJC_ISA_USAGE = YES_ERROR;
				CLANG_WARN_EMPTY_BODY = YES;
				CLANG_WARN_ENUM_CONVERSION = YES;
				CLANG_WARN_INT_CONVERSION = YES;
				CLANG_WARN_OBJC_ROOT_CLASS = YES_ERROR;
				CLANG_WARN__DUPLICATE_METHOD_MATCH = YES;
				"CODE_SIGN_IDENTITY[sdk=iphoneos*]" = "iPhone Developer";
				COPY_PHASE_STRIP = NO;
				GCC_C_LANGUAGE_STANDARD = gnu99;
				GCC_DYNAMIC_NO_PIC = NO;
				GCC_OPTIMIZATION_LEVEL = 0;
				GCC_PREPROCESSOR_DEFINITIONS = (
					"DEBUG=1",
					"$(inherited)",
				);
				GCC_SYMBOLS_PRIVATE_EXTERN = NO;
				GCC_WARN_64_TO_32_BIT_CONVERSION = YES;
				GCC_WARN_ABOUT_RETURN_TYPE = YES_ERROR;
				GCC_WARN_UNDECLARED_SELECTOR = YES;
				GCC_WARN_UNINITIALIZED_AUTOS = YES_AGGRESSIVE;
				GCC_WARN_UNUSED_FUNCTION = YES;
				GCC_WARN_UNUSED_VARIABLE = YES;
				IPHONEOS_DEPLOYMENT_TARGET = 7.1;
				ONLY_ACTIVE_ARCH = YES;
				SDKROOT = iphoneos;
			};
			name = Debug;
		};
		F4FA0C15192BF6BF005D8645 /* Release */ = {
			isa = XCBuildConfiguration;
			buildSettings = {
				ALWAYS_SEARCH_USER_PATHS = NO;
				CLANG_CXX_LANGUAGE_STANDARD = "gnu++0x";
				CLANG_CXX_LIBRARY = "libc++";
				CLANG_ENABLE_MODULES = YES;
				CLANG_ENABLE_OBJC_ARC = YES;
				CLANG_WARN_BOOL_CONVERSION = YES;
				CLANG_WARN_CONSTANT_CONVERSION = YES;
				CLANG_WARN_DIRECT_OBJC_ISA_USAGE = YES_ERROR;
				CLANG_WARN_EMPTY_BODY = YES;
				CLANG_WARN_ENUM_CONVERSION = YES;
				CLANG_WARN_INT_CONVERSION = YES;
				CLANG_WARN_OBJC_ROOT_CLASS = YES_ERROR;
				CLANG_WARN__DUPLICATE_METHOD_MATCH = YES;
				"CODE_SIGN_IDENTITY[sdk=iphoneos*]" = "iPhone Developer";
				COPY_PHASE_STRIP = YES;
				ENABLE_NS_ASSERTIONS = NO;
				GCC_C_LANGUAGE_STANDARD = gnu99;
				GCC_WARN_64_TO_32_BIT_CONVERSION = YES;
				GCC_WARN_ABOUT_RETURN_TYPE = YES_ERROR;
				GCC_WARN_UNDECLARED_SELECTOR = YES;
				GCC_WARN_UNINITIALIZED_AUTOS = YES_AGGRESSIVE;
				GCC_WARN_UNUSED_FUNCTION = YES;
				GCC_WARN_UNUSED_VARIABLE = YES;
				IPHONEOS_DEPLOYMENT_TARGET = 7.1;
				SDKROOT = iphoneos;
				VALIDATE_PRODUCT = YES;
			};
			name = Release;
		};
		F4FA0C17192BF6BF005D8645 /* Debug */ = {
			isa = XCBuildConfiguration;
			baseConfigurationReference = CD677E046A804589A26C0608 /* Pods.xcconfig */;
			buildSettings = {
				ASSETCATALOG_COMPILER_APPICON_NAME = AppIcon;
				ASSETCATALOG_COMPILER_LAUNCHIMAGE_NAME = LaunchImage;
				CODE_SIGN_IDENTITY = "iPhone Developer";
				"CODE_SIGN_IDENTITY[sdk=iphoneos*]" = "iPhone Developer";
				FRAMEWORK_SEARCH_PATHS = (
					"$(inherited)",
					"$(PROJECT_DIR)",
				);
				GCC_PRECOMPILE_PREFIX_HEADER = YES;
				GCC_PREFIX_HEADER = "Voco/Voco-Prefix.pch";
				INFOPLIST_FILE = "Voco/Voco-Info.plist";
				IPHONEOS_DEPLOYMENT_TARGET = 7.0;
				PRODUCT_NAME = "$(TARGET_NAME)";
				PROVISIONING_PROFILE = "39AC40A3-91DF-4F64-810F-7AE0761CF1D6";
				WRAPPER_EXTENSION = app;
			};
			name = Debug;
		};
		F4FA0C18192BF6BF005D8645 /* Release */ = {
			isa = XCBuildConfiguration;
			baseConfigurationReference = CD677E046A804589A26C0608 /* Pods.xcconfig */;
			buildSettings = {
				ASSETCATALOG_COMPILER_APPICON_NAME = AppIcon;
				ASSETCATALOG_COMPILER_LAUNCHIMAGE_NAME = LaunchImage;
				CODE_SIGN_IDENTITY = "iPhone Developer";
				"CODE_SIGN_IDENTITY[sdk=iphoneos*]" = "iPhone Developer";
				FRAMEWORK_SEARCH_PATHS = (
					"$(inherited)",
					"$(PROJECT_DIR)",
				);
				GCC_PRECOMPILE_PREFIX_HEADER = YES;
				GCC_PREFIX_HEADER = "Voco/Voco-Prefix.pch";
				GCC_PREPROCESSOR_DEFINITIONS = (
					"$(inherited)",
					"COCOAPODS=1",
					"RELEASE=1",
				);
				INFOPLIST_FILE = "Voco/Voco-Info.plist";
				IPHONEOS_DEPLOYMENT_TARGET = 7.0;
				PRODUCT_NAME = "$(TARGET_NAME)";
				PROVISIONING_PROFILE = "39AC40A3-91DF-4F64-810F-7AE0761CF1D6";
				WRAPPER_EXTENSION = app;
			};
			name = Release;
		};
		F4FA0C1A192BF6BF005D8645 /* Debug */ = {
			isa = XCBuildConfiguration;
			buildSettings = {
				BUNDLE_LOADER = "$(BUILT_PRODUCTS_DIR)/Voco.app/Voco";
				FRAMEWORK_SEARCH_PATHS = (
					"$(SDKROOT)/Developer/Library/Frameworks",
					"$(inherited)",
					"$(DEVELOPER_FRAMEWORKS_DIR)",
				);
				GCC_PRECOMPILE_PREFIX_HEADER = YES;
				GCC_PREFIX_HEADER = "Voco/Voco-Prefix.pch";
				GCC_PREPROCESSOR_DEFINITIONS = (
					"DEBUG=1",
					"$(inherited)",
				);
				INFOPLIST_FILE = "VocoTests/VocoTests-Info.plist";
				PRODUCT_NAME = "$(TARGET_NAME)";
				TEST_HOST = "$(BUNDLE_LOADER)";
				WRAPPER_EXTENSION = xctest;
			};
			name = Debug;
		};
		F4FA0C1B192BF6BF005D8645 /* Release */ = {
			isa = XCBuildConfiguration;
			buildSettings = {
				BUNDLE_LOADER = "$(BUILT_PRODUCTS_DIR)/Voco.app/Voco";
				FRAMEWORK_SEARCH_PATHS = (
					"$(SDKROOT)/Developer/Library/Frameworks",
					"$(inherited)",
					"$(DEVELOPER_FRAMEWORKS_DIR)",
				);
				GCC_PRECOMPILE_PREFIX_HEADER = YES;
				GCC_PREFIX_HEADER = "Voco/Voco-Prefix.pch";
				INFOPLIST_FILE = "VocoTests/VocoTests-Info.plist";
				PRODUCT_NAME = "$(TARGET_NAME)";
				TEST_HOST = "$(BUNDLE_LOADER)";
				WRAPPER_EXTENSION = xctest;
			};
			name = Release;
		};
/* End XCBuildConfiguration section */

/* Begin XCConfigurationList section */
		F4FA0BDF192BF6BF005D8645 /* Build configuration list for PBXProject "Voco" */ = {
			isa = XCConfigurationList;
			buildConfigurations = (
				F4FA0C14192BF6BF005D8645 /* Debug */,
				F4FA0C15192BF6BF005D8645 /* Release */,
			);
			defaultConfigurationIsVisible = 0;
			defaultConfigurationName = Release;
		};
		F4FA0C16192BF6BF005D8645 /* Build configuration list for PBXNativeTarget "Voco" */ = {
			isa = XCConfigurationList;
			buildConfigurations = (
				F4FA0C17192BF6BF005D8645 /* Debug */,
				F4FA0C18192BF6BF005D8645 /* Release */,
			);
			defaultConfigurationIsVisible = 0;
			defaultConfigurationName = Release;
		};
		F4FA0C19192BF6BF005D8645 /* Build configuration list for PBXNativeTarget "VocoTests" */ = {
			isa = XCConfigurationList;
			buildConfigurations = (
				F4FA0C1A192BF6BF005D8645 /* Debug */,
				F4FA0C1B192BF6BF005D8645 /* Release */,
			);
			defaultConfigurationIsVisible = 0;
			defaultConfigurationName = Release;
		};
/* End XCConfigurationList section */

/* Begin XCVersionGroup section */
		F4FA0BFB192BF6BF005D8645 /* Voco.xcdatamodeld */ = {
			isa = XCVersionGroup;
			children = (
				F4FE1B21193DCB6700354886 /* Voco 2.xcdatamodel */,
				F473F012194FB1A000D8C900 /* Voco 3.xcdatamodel */,
				F473F013194FB45400D8C900 /* Voco 4.xcdatamodel */,
				F473F02119513B6300D8C900 /* Voco 5.xcdatamodel */,
				F4FA0BFC192BF6BF005D8645 /* Voco.xcdatamodel */,
			);
			currentVersion = F473F02119513B6300D8C900 /* Voco 5.xcdatamodel */;
			path = Voco.xcdatamodeld;
			sourceTree = "<group>";
			versionGroupType = wrapper.xcdatamodel;
		};
/* End XCVersionGroup section */
	};
	rootObject = F4FA0BDC192BF6BF005D8645 /* Project object */;
}
